// !$*UTF8*$!
{
	archiveVersion = 1;
	classes = {
	};
	objectVersion = 46;
	objects = {

/* Begin PBXBuildFile section */
		220973871EDC2CCB00F3CB20 /* SharedExtensions.swift in Sources */ = {isa = PBXBuildFile; fileRef = 220973851EDC2CA800F3CB20 /* SharedExtensions.swift */; };
		220973881EDC2CCC00F3CB20 /* SharedExtensions.swift in Sources */ = {isa = PBXBuildFile; fileRef = 220973851EDC2CA800F3CB20 /* SharedExtensions.swift */; };
		2209738A1EDC33D700F3CB20 /* CollectionViewConfigurable.swift in Sources */ = {isa = PBXBuildFile; fileRef = 22824BD41ED8A363005C759E /* CollectionViewConfigurable.swift */; };
		2209738B1EDC33D700F3CB20 /* CellConfigurable.swift in Sources */ = {isa = PBXBuildFile; fileRef = 22824BD61ED8A3C2005C759E /* CellConfigurable.swift */; };
		2209738C1EDC33D700F3CB20 /* Parsable.swift in Sources */ = {isa = PBXBuildFile; fileRef = 22339EE01ED964E1001C4D40 /* Parsable.swift */; };
		220C11211ED55F9E00C43BA2 /* MovieCellTests.swift in Sources */ = {isa = PBXBuildFile; fileRef = 220C11201ED55F9E00C43BA2 /* MovieCellTests.swift */; };
		222E2CD11ED1E0450075C04E /* MovieResultsDataSourceTests.swift in Sources */ = {isa = PBXBuildFile; fileRef = 222E2CD01ED1E0450075C04E /* MovieResultsDataSourceTests.swift */; };
		22339EE11ED964E1001C4D40 /* Parsable.swift in Sources */ = {isa = PBXBuildFile; fileRef = 22339EE01ED964E1001C4D40 /* Parsable.swift */; };
		22339EE51ED988F8001C4D40 /* Actor.swift in Sources */ = {isa = PBXBuildFile; fileRef = 22339EE41ED988F8001C4D40 /* Actor.swift */; };
		22339EE71ED9892E001C4D40 /* ActorViewModel.swift in Sources */ = {isa = PBXBuildFile; fileRef = 22339EE61ED9892E001C4D40 /* ActorViewModel.swift */; };
		223FB4F41ECF106E0073C66E /* Main.storyboard in Resources */ = {isa = PBXBuildFile; fileRef = 223FB4F31ECF106E0073C66E /* Main.storyboard */; };
		2240415C1ED03A6700A1AF63 /* actordata.json in Resources */ = {isa = PBXBuildFile; fileRef = 2240415B1ED03A6700A1AF63 /* actordata.json */; };
		2279AB3E1ECEFCF9001B074B /* MovieResultsViewController.swift in Sources */ = {isa = PBXBuildFile; fileRef = 2279AB3C1ECEFCF9001B074B /* MovieResultsViewController.swift */; };
		2279AB441ECEFF86001B074B /* MovieDetailViewController.swift in Sources */ = {isa = PBXBuildFile; fileRef = 2279AB421ECEFF86001B074B /* MovieDetailViewController.swift */; };
		227C56E41ED73B48007E98A5 /* AppDelegate.swift in Sources */ = {isa = PBXBuildFile; fileRef = 227C56E31ED73B48007E98A5 /* AppDelegate.swift */; };
		227C56EB1ED73B48007E98A5 /* Assets.xcassets in Resources */ = {isa = PBXBuildFile; fileRef = 227C56EA1ED73B48007E98A5 /* Assets.xcassets */; };
		227C56EE1ED73B48007E98A5 /* LaunchScreen.storyboard in Resources */ = {isa = PBXBuildFile; fileRef = 227C56EC1ED73B48007E98A5 /* LaunchScreen.storyboard */; };
		22811E5D1ED73CDD0005E60A /* Movie.swift in Sources */ = {isa = PBXBuildFile; fileRef = 22811E5C1ED73CDD0005E60A /* Movie.swift */; };
		22811E601ED73D360005E60A /* ResultsViewController.swift in Sources */ = {isa = PBXBuildFile; fileRef = 22811E5E1ED73D360005E60A /* ResultsViewController.swift */; };
		22811E631ED73D580005E60A /* MovieViewModel.swift in Sources */ = {isa = PBXBuildFile; fileRef = 22811E621ED73D580005E60A /* MovieViewModel.swift */; };
		22811E661ED73D8A0005E60A /* ViewModel.swift in Sources */ = {isa = PBXBuildFile; fileRef = 22811E651ED73D8A0005E60A /* ViewModel.swift */; };
		22811E671ED740970005E60A /* moviedata.json in Resources */ = {isa = PBXBuildFile; fileRef = 22EE56FF1ECC7E3800790E71 /* moviedata.json */; };
		22811E681ED7409B0005E60A /* actordata.json in Resources */ = {isa = PBXBuildFile; fileRef = 2240415B1ED03A6700A1AF63 /* actordata.json */; };
		22811E691ED7409D0005E60A /* tmdbAPIKey.plist in Resources */ = {isa = PBXBuildFile; fileRef = 22EE56FD1ECC7D5C00790E71 /* tmdbAPIKey.plist */; };
		22811E6E1ED741FE0005E60A /* DataManager.swift in Sources */ = {isa = PBXBuildFile; fileRef = 22811E6B1ED741FE0005E60A /* DataManager.swift */; };
		22811E701ED741FE0005E60A /* ImageStore.swift in Sources */ = {isa = PBXBuildFile; fileRef = 22811E6D1ED741FE0005E60A /* ImageStore.swift */; };
		22811E741ED742530005E60A /* TmdbAPI.swift in Sources */ = {isa = PBXBuildFile; fileRef = 22811E721ED742530005E60A /* TmdbAPI.swift */; };
		22811E751ED742530005E60A /* TmdbParser.swift in Sources */ = {isa = PBXBuildFile; fileRef = 22811E731ED742530005E60A /* TmdbParser.swift */; };
		22811E801ED75B730005E60A /* MovieCollectionViewCell.swift in Sources */ = {isa = PBXBuildFile; fileRef = 22811E7E1ED75B730005E60A /* MovieCollectionViewCell.swift */; };
		22811E811ED75B730005E60A /* MovieCollectionViewCell.xib in Resources */ = {isa = PBXBuildFile; fileRef = 22811E7F1ED75B730005E60A /* MovieCollectionViewCell.xib */; };
		22824BD51ED8A364005C759E /* CollectionViewConfigurable.swift in Sources */ = {isa = PBXBuildFile; fileRef = 22824BD41ED8A363005C759E /* CollectionViewConfigurable.swift */; };
		22824BD71ED8A3C2005C759E /* CellConfigurable.swift in Sources */ = {isa = PBXBuildFile; fileRef = 22824BD61ED8A3C2005C759E /* CellConfigurable.swift */; };
		22824BD91ED8AA63005C759E /* DetailViewController.swift in Sources */ = {isa = PBXBuildFile; fileRef = 22824BD81ED8AA63005C759E /* DetailViewController.swift */; };
		2292062E1ECC6E210090E78C /* AppDelegate.swift in Sources */ = {isa = PBXBuildFile; fileRef = 2292062D1ECC6E210090E78C /* AppDelegate.swift */; };
		229206351ECC6E210090E78C /* Assets.xcassets in Resources */ = {isa = PBXBuildFile; fileRef = 229206341ECC6E210090E78C /* Assets.xcassets */; };
		229206381ECC6E210090E78C /* LaunchScreen.storyboard in Resources */ = {isa = PBXBuildFile; fileRef = 229206361ECC6E210090E78C /* LaunchScreen.storyboard */; };
		22B910521ED09A2E00760927 /* MovieTests.swift in Sources */ = {isa = PBXBuildFile; fileRef = 22B910511ED09A2E00760927 /* MovieTests.swift */; };
		22BA1E981EDB580B000E93CF /* AppDelegate.swift in Sources */ = {isa = PBXBuildFile; fileRef = 22BA1E971EDB580B000E93CF /* AppDelegate.swift */; };
		22BA1E9F1EDB580B000E93CF /* Assets.xcassets in Resources */ = {isa = PBXBuildFile; fileRef = 22BA1E9E1EDB580B000E93CF /* Assets.xcassets */; };
		22BA1EA21EDB580B000E93CF /* LaunchScreen.storyboard in Resources */ = {isa = PBXBuildFile; fileRef = 22BA1EA01EDB580B000E93CF /* LaunchScreen.storyboard */; };
		22C059661EDC1628001286CB /* moviedata.json in Resources */ = {isa = PBXBuildFile; fileRef = 22EE56FF1ECC7E3800790E71 /* moviedata.json */; };
		22C059671EDC1628001286CB /* actordata.json in Resources */ = {isa = PBXBuildFile; fileRef = 2240415B1ED03A6700A1AF63 /* actordata.json */; };
		22C059681EDC162C001286CB /* tmdbAPIKey.plist in Resources */ = {isa = PBXBuildFile; fileRef = 22EE56FD1ECC7D5C00790E71 /* tmdbAPIKey.plist */; };
		22C0596A1EDC1699001286CB /* MovieResultsViewController.swift in Sources */ = {isa = PBXBuildFile; fileRef = 22C059691EDC1699001286CB /* MovieResultsViewController.swift */; };
		22C0596C1EDC16EC001286CB /* Movie.swift in Sources */ = {isa = PBXBuildFile; fileRef = 22C0596B1EDC16EC001286CB /* Movie.swift */; };
		22C0596E1EDC1746001286CB /* Parsable.swift in Sources */ = {isa = PBXBuildFile; fileRef = 22C0596D1EDC1746001286CB /* Parsable.swift */; };
		22C059701EDC176B001286CB /* ResultsView.swift in Sources */ = {isa = PBXBuildFile; fileRef = 22C0596F1EDC176B001286CB /* ResultsView.swift */; };
		22C059721EDC1793001286CB /* ResultsViewPresenter.swift in Sources */ = {isa = PBXBuildFile; fileRef = 22C059711EDC1793001286CB /* ResultsViewPresenter.swift */; };
		22C059741EDC17B4001286CB /* MovieResultsPresenter.swift in Sources */ = {isa = PBXBuildFile; fileRef = 22C059731EDC17B4001286CB /* MovieResultsPresenter.swift */; };
		22C059771EDC187B001286CB /* MovieCollectionViewCell.swift in Sources */ = {isa = PBXBuildFile; fileRef = 22C059751EDC187B001286CB /* MovieCollectionViewCell.swift */; };
		22C059781EDC187B001286CB /* MovieCollectionViewCell.xib in Resources */ = {isa = PBXBuildFile; fileRef = 22C059761EDC187B001286CB /* MovieCollectionViewCell.xib */; };
		22C059791EDC204C001286CB /* TmdbAPI.swift in Sources */ = {isa = PBXBuildFile; fileRef = 22811E721ED742530005E60A /* TmdbAPI.swift */; };
		22C0597A1EDC204C001286CB /* TmdbParser.swift in Sources */ = {isa = PBXBuildFile; fileRef = 22811E731ED742530005E60A /* TmdbParser.swift */; };
		22C0597C1EDC204C001286CB /* DataManager.swift in Sources */ = {isa = PBXBuildFile; fileRef = 22811E6B1ED741FE0005E60A /* DataManager.swift */; };
		22C0597D1EDC204C001286CB /* ImageStore.swift in Sources */ = {isa = PBXBuildFile; fileRef = 22811E6D1ED741FE0005E60A /* ImageStore.swift */; };
		22CC754A1EDA1BA60058E844 /* ActorCollectionViewCell.swift in Sources */ = {isa = PBXBuildFile; fileRef = 22CC75481EDA1BA60058E844 /* ActorCollectionViewCell.swift */; };
		22CC754B1EDA1BA60058E844 /* ActorCollectionViewCell.xib in Resources */ = {isa = PBXBuildFile; fileRef = 22CC75491EDA1BA60058E844 /* ActorCollectionViewCell.xib */; };
		22E039F51EDC2B5000D35297 /* Extensions.swift in Sources */ = {isa = PBXBuildFile; fileRef = 22E039F41EDC2B5000D35297 /* Extensions.swift */; };
		22EE56F21ECC70CA00790E71 /* MovieCollectionViewCell.swift in Sources */ = {isa = PBXBuildFile; fileRef = 22EE56F11ECC70CA00790E71 /* MovieCollectionViewCell.swift */; };
		22EE56F41ECC74BA00790E71 /* Movie.swift in Sources */ = {isa = PBXBuildFile; fileRef = 22EE56F31ECC74BA00790E71 /* Movie.swift */; };
		22EE56F61ECC753E00790E71 /* MovieManager.swift in Sources */ = {isa = PBXBuildFile; fileRef = 22EE56F51ECC753E00790E71 /* MovieManager.swift */; };
		22EE56F81ECC755E00790E71 /* TmdbAPI.swift in Sources */ = {isa = PBXBuildFile; fileRef = 22EE56F71ECC755E00790E71 /* TmdbAPI.swift */; };
		22EE56FC1ECC795200790E71 /* MovieResultsDataSource.swift in Sources */ = {isa = PBXBuildFile; fileRef = 22EE56FB1ECC795200790E71 /* MovieResultsDataSource.swift */; };
		22EE56FE1ECC7D5C00790E71 /* tmdbAPIKey.plist in Resources */ = {isa = PBXBuildFile; fileRef = 22EE56FD1ECC7D5C00790E71 /* tmdbAPIKey.plist */; };
		22EE57001ECC7E3800790E71 /* moviedata.json in Resources */ = {isa = PBXBuildFile; fileRef = 22EE56FF1ECC7E3800790E71 /* moviedata.json */; };
		22EE57031ECC817A00790E71 /* ImageStore.swift in Sources */ = {isa = PBXBuildFile; fileRef = 22EE57011ECC7F8500790E71 /* ImageStore.swift */; };
/* End PBXBuildFile section */

/* Begin PBXContainerItemProxy section */
		22B9104C1ED099D800760927 /* PBXContainerItemProxy */ = {
			isa = PBXContainerItemProxy;
			containerPortal = 229206201ECC6E040090E78C /* Project object */;
			proxyType = 1;
			remoteGlobalIDString = 229206291ECC6E210090E78C;
			remoteInfo = MVC;
		};
/* End PBXContainerItemProxy section */

/* Begin PBXFileReference section */
		220973851EDC2CA800F3CB20 /* SharedExtensions.swift */ = {isa = PBXFileReference; fileEncoding = 4; lastKnownFileType = sourcecode.swift; path = SharedExtensions.swift; sourceTree = "<group>"; };
		220C11201ED55F9E00C43BA2 /* MovieCellTests.swift */ = {isa = PBXFileReference; fileEncoding = 4; lastKnownFileType = sourcecode.swift; name = MovieCellTests.swift; path = Controller/MovieCellTests.swift; sourceTree = "<group>"; };
		222E2CD01ED1E0450075C04E /* MovieResultsDataSourceTests.swift */ = {isa = PBXFileReference; fileEncoding = 4; lastKnownFileType = sourcecode.swift; name = MovieResultsDataSourceTests.swift; path = Model/MovieResultsDataSourceTests.swift; sourceTree = "<group>"; };
		22339EE01ED964E1001C4D40 /* Parsable.swift */ = {isa = PBXFileReference; fileEncoding = 4; lastKnownFileType = sourcecode.swift; path = Parsable.swift; sourceTree = "<group>"; };
		22339EE41ED988F8001C4D40 /* Actor.swift */ = {isa = PBXFileReference; fileEncoding = 4; lastKnownFileType = sourcecode.swift; name = Actor.swift; path = Model/Actor.swift; sourceTree = "<group>"; };
		22339EE61ED9892E001C4D40 /* ActorViewModel.swift */ = {isa = PBXFileReference; fileEncoding = 4; lastKnownFileType = sourcecode.swift; name = ActorViewModel.swift; path = ViewModel/ActorViewModel.swift; sourceTree = "<group>"; };
		223FB4F31ECF106E0073C66E /* Main.storyboard */ = {isa = PBXFileReference; fileEncoding = 4; lastKnownFileType = file.storyboard; path = Main.storyboard; sourceTree = "<group>"; };
		2240415B1ED03A6700A1AF63 /* actordata.json */ = {isa = PBXFileReference; fileEncoding = 4; lastKnownFileType = text.json; name = actordata.json; path = Shared/actordata.json; sourceTree = "<group>"; };
		2279AB3C1ECEFCF9001B074B /* MovieResultsViewController.swift */ = {isa = PBXFileReference; fileEncoding = 4; lastKnownFileType = sourcecode.swift; name = MovieResultsViewController.swift; path = Controller/MovieResultsViewController.swift; sourceTree = "<group>"; };
		2279AB421ECEFF86001B074B /* MovieDetailViewController.swift */ = {isa = PBXFileReference; fileEncoding = 4; lastKnownFileType = sourcecode.swift; name = MovieDetailViewController.swift; path = Controller/MovieDetailViewController.swift; sourceTree = "<group>"; };
		227C56E11ED73B48007E98A5 /* MVVM.app */ = {isa = PBXFileReference; explicitFileType = wrapper.application; includeInIndex = 0; path = MVVM.app; sourceTree = BUILT_PRODUCTS_DIR; };
		227C56E31ED73B48007E98A5 /* AppDelegate.swift */ = {isa = PBXFileReference; lastKnownFileType = sourcecode.swift; path = AppDelegate.swift; sourceTree = "<group>"; };
		227C56EA1ED73B48007E98A5 /* Assets.xcassets */ = {isa = PBXFileReference; lastKnownFileType = folder.assetcatalog; path = Assets.xcassets; sourceTree = "<group>"; };
		227C56ED1ED73B48007E98A5 /* Base */ = {isa = PBXFileReference; lastKnownFileType = file.storyboard; name = Base; path = Base.lproj/LaunchScreen.storyboard; sourceTree = "<group>"; };
		227C56EF1ED73B48007E98A5 /* Info.plist */ = {isa = PBXFileReference; lastKnownFileType = text.plist.xml; path = Info.plist; sourceTree = "<group>"; };
		22811E5C1ED73CDD0005E60A /* Movie.swift */ = {isa = PBXFileReference; fileEncoding = 4; lastKnownFileType = sourcecode.swift; name = Movie.swift; path = Model/Movie.swift; sourceTree = "<group>"; };
		22811E5E1ED73D360005E60A /* ResultsViewController.swift */ = {isa = PBXFileReference; fileEncoding = 4; lastKnownFileType = sourcecode.swift; name = ResultsViewController.swift; path = View/ResultsViewController.swift; sourceTree = "<group>"; };
		22811E621ED73D580005E60A /* MovieViewModel.swift */ = {isa = PBXFileReference; fileEncoding = 4; lastKnownFileType = sourcecode.swift; name = MovieViewModel.swift; path = ViewModel/MovieViewModel.swift; sourceTree = "<group>"; };
		22811E651ED73D8A0005E60A /* ViewModel.swift */ = {isa = PBXFileReference; fileEncoding = 4; lastKnownFileType = sourcecode.swift; name = ViewModel.swift; path = Protocol/ViewModel.swift; sourceTree = "<group>"; };
		22811E6B1ED741FE0005E60A /* DataManager.swift */ = {isa = PBXFileReference; fileEncoding = 4; lastKnownFileType = sourcecode.swift; path = DataManager.swift; sourceTree = "<group>"; };
		22811E6D1ED741FE0005E60A /* ImageStore.swift */ = {isa = PBXFileReference; fileEncoding = 4; lastKnownFileType = sourcecode.swift; path = ImageStore.swift; sourceTree = "<group>"; };
		22811E721ED742530005E60A /* TmdbAPI.swift */ = {isa = PBXFileReference; fileEncoding = 4; lastKnownFileType = sourcecode.swift; path = TmdbAPI.swift; sourceTree = "<group>"; };
		22811E731ED742530005E60A /* TmdbParser.swift */ = {isa = PBXFileReference; fileEncoding = 4; lastKnownFileType = sourcecode.swift; path = TmdbParser.swift; sourceTree = "<group>"; };
		22811E7E1ED75B730005E60A /* MovieCollectionViewCell.swift */ = {isa = PBXFileReference; fileEncoding = 4; lastKnownFileType = sourcecode.swift; name = MovieCollectionViewCell.swift; path = View/MovieCollectionViewCell.swift; sourceTree = "<group>"; };
		22811E7F1ED75B730005E60A /* MovieCollectionViewCell.xib */ = {isa = PBXFileReference; fileEncoding = 4; lastKnownFileType = file.xib; name = MovieCollectionViewCell.xib; path = View/MovieCollectionViewCell.xib; sourceTree = "<group>"; };
		22824BD41ED8A363005C759E /* CollectionViewConfigurable.swift */ = {isa = PBXFileReference; fileEncoding = 4; lastKnownFileType = sourcecode.swift; path = CollectionViewConfigurable.swift; sourceTree = "<group>"; };
		22824BD61ED8A3C2005C759E /* CellConfigurable.swift */ = {isa = PBXFileReference; fileEncoding = 4; lastKnownFileType = sourcecode.swift; path = CellConfigurable.swift; sourceTree = "<group>"; };
		22824BD81ED8AA63005C759E /* DetailViewController.swift */ = {isa = PBXFileReference; fileEncoding = 4; lastKnownFileType = sourcecode.swift; name = DetailViewController.swift; path = View/DetailViewController.swift; sourceTree = "<group>"; };
		2292062A1ECC6E210090E78C /* MVC.app */ = {isa = PBXFileReference; explicitFileType = wrapper.application; includeInIndex = 0; path = MVC.app; sourceTree = BUILT_PRODUCTS_DIR; };
		2292062D1ECC6E210090E78C /* AppDelegate.swift */ = {isa = PBXFileReference; lastKnownFileType = sourcecode.swift; path = AppDelegate.swift; sourceTree = "<group>"; };
		229206341ECC6E210090E78C /* Assets.xcassets */ = {isa = PBXFileReference; lastKnownFileType = folder.assetcatalog; path = Assets.xcassets; sourceTree = "<group>"; };
		229206371ECC6E210090E78C /* Base */ = {isa = PBXFileReference; lastKnownFileType = file.storyboard; name = Base; path = Base.lproj/LaunchScreen.storyboard; sourceTree = "<group>"; };
		229206391ECC6E210090E78C /* Info.plist */ = {isa = PBXFileReference; lastKnownFileType = text.plist.xml; path = Info.plist; sourceTree = "<group>"; };
		22B910471ED099D800760927 /* MVCTests.xctest */ = {isa = PBXFileReference; explicitFileType = wrapper.cfbundle; includeInIndex = 0; path = MVCTests.xctest; sourceTree = BUILT_PRODUCTS_DIR; };
		22B9104B1ED099D800760927 /* Info.plist */ = {isa = PBXFileReference; lastKnownFileType = text.plist.xml; path = Info.plist; sourceTree = "<group>"; };
		22B910511ED09A2E00760927 /* MovieTests.swift */ = {isa = PBXFileReference; fileEncoding = 4; lastKnownFileType = sourcecode.swift; name = MovieTests.swift; path = Model/MovieTests.swift; sourceTree = "<group>"; };
		22BA1E951EDB580B000E93CF /* MVP.app */ = {isa = PBXFileReference; explicitFileType = wrapper.application; includeInIndex = 0; path = MVP.app; sourceTree = BUILT_PRODUCTS_DIR; };
		22BA1E971EDB580B000E93CF /* AppDelegate.swift */ = {isa = PBXFileReference; lastKnownFileType = sourcecode.swift; path = AppDelegate.swift; sourceTree = "<group>"; };
		22BA1E9E1EDB580B000E93CF /* Assets.xcassets */ = {isa = PBXFileReference; lastKnownFileType = folder.assetcatalog; path = Assets.xcassets; sourceTree = "<group>"; };
		22BA1EA11EDB580B000E93CF /* Base */ = {isa = PBXFileReference; lastKnownFileType = file.storyboard; name = Base; path = Base.lproj/LaunchScreen.storyboard; sourceTree = "<group>"; };
		22BA1EA31EDB580B000E93CF /* Info.plist */ = {isa = PBXFileReference; lastKnownFileType = text.plist.xml; path = Info.plist; sourceTree = "<group>"; };
		22C059691EDC1699001286CB /* MovieResultsViewController.swift */ = {isa = PBXFileReference; fileEncoding = 4; lastKnownFileType = sourcecode.swift; name = MovieResultsViewController.swift; path = View/MovieResultsViewController.swift; sourceTree = "<group>"; };
		22C0596B1EDC16EC001286CB /* Movie.swift */ = {isa = PBXFileReference; fileEncoding = 4; lastKnownFileType = sourcecode.swift; path = Movie.swift; sourceTree = "<group>"; };
		22C0596D1EDC1746001286CB /* Parsable.swift */ = {isa = PBXFileReference; fileEncoding = 4; lastKnownFileType = sourcecode.swift; name = Parsable.swift; path = Protocol/Parsable.swift; sourceTree = "<group>"; };
		22C0596F1EDC176B001286CB /* ResultsView.swift */ = {isa = PBXFileReference; fileEncoding = 4; lastKnownFileType = sourcecode.swift; name = ResultsView.swift; path = Protocol/ResultsView.swift; sourceTree = "<group>"; };
		22C059711EDC1793001286CB /* ResultsViewPresenter.swift */ = {isa = PBXFileReference; fileEncoding = 4; lastKnownFileType = sourcecode.swift; name = ResultsViewPresenter.swift; path = Protocol/ResultsViewPresenter.swift; sourceTree = "<group>"; };
		22C059731EDC17B4001286CB /* MovieResultsPresenter.swift */ = {isa = PBXFileReference; fileEncoding = 4; lastKnownFileType = sourcecode.swift; name = MovieResultsPresenter.swift; path = Presenter/MovieResultsPresenter.swift; sourceTree = "<group>"; };
		22C059751EDC187B001286CB /* MovieCollectionViewCell.swift */ = {isa = PBXFileReference; fileEncoding = 4; lastKnownFileType = sourcecode.swift; name = MovieCollectionViewCell.swift; path = View/MovieCollectionViewCell.swift; sourceTree = "<group>"; };
		22C059761EDC187B001286CB /* MovieCollectionViewCell.xib */ = {isa = PBXFileReference; fileEncoding = 4; lastKnownFileType = file.xib; name = MovieCollectionViewCell.xib; path = View/MovieCollectionViewCell.xib; sourceTree = "<group>"; };
		22CC75481EDA1BA60058E844 /* ActorCollectionViewCell.swift */ = {isa = PBXFileReference; fileEncoding = 4; lastKnownFileType = sourcecode.swift; name = ActorCollectionViewCell.swift; path = View/ActorCollectionViewCell.swift; sourceTree = "<group>"; };
		22CC75491EDA1BA60058E844 /* ActorCollectionViewCell.xib */ = {isa = PBXFileReference; fileEncoding = 4; lastKnownFileType = file.xib; name = ActorCollectionViewCell.xib; path = View/ActorCollectionViewCell.xib; sourceTree = "<group>"; };
		22E039F41EDC2B5000D35297 /* Extensions.swift */ = {isa = PBXFileReference; fileEncoding = 4; lastKnownFileType = sourcecode.swift; path = Extensions.swift; sourceTree = "<group>"; };
		22EE56F11ECC70CA00790E71 /* MovieCollectionViewCell.swift */ = {isa = PBXFileReference; fileEncoding = 4; lastKnownFileType = sourcecode.swift; name = MovieCollectionViewCell.swift; path = View/MovieCollectionViewCell.swift; sourceTree = "<group>"; };
		22EE56F31ECC74BA00790E71 /* Movie.swift */ = {isa = PBXFileReference; fileEncoding = 4; lastKnownFileType = sourcecode.swift; name = Movie.swift; path = Model/Movie.swift; sourceTree = "<group>"; };
		22EE56F51ECC753E00790E71 /* MovieManager.swift */ = {isa = PBXFileReference; fileEncoding = 4; lastKnownFileType = sourcecode.swift; name = MovieManager.swift; path = Model/MovieManager.swift; sourceTree = "<group>"; };
		22EE56F71ECC755E00790E71 /* TmdbAPI.swift */ = {isa = PBXFileReference; fileEncoding = 4; lastKnownFileType = sourcecode.swift; name = TmdbAPI.swift; path = Model/TmdbAPI.swift; sourceTree = "<group>"; };
		22EE56FB1ECC795200790E71 /* MovieResultsDataSource.swift */ = {isa = PBXFileReference; fileEncoding = 4; lastKnownFileType = sourcecode.swift; name = MovieResultsDataSource.swift; path = Controller/MovieResultsDataSource.swift; sourceTree = "<group>"; };
		22EE56FD1ECC7D5C00790E71 /* tmdbAPIKey.plist */ = {isa = PBXFileReference; fileEncoding = 4; lastKnownFileType = text.plist.xml; name = tmdbAPIKey.plist; path = Shared/tmdbAPIKey.plist; sourceTree = "<group>"; };
		22EE56FF1ECC7E3800790E71 /* moviedata.json */ = {isa = PBXFileReference; fileEncoding = 4; lastKnownFileType = text.json; name = moviedata.json; path = Shared/moviedata.json; sourceTree = "<group>"; };
		22EE57011ECC7F8500790E71 /* ImageStore.swift */ = {isa = PBXFileReference; fileEncoding = 4; lastKnownFileType = sourcecode.swift; name = ImageStore.swift; path = Model/ImageStore.swift; sourceTree = "<group>"; };
/* End PBXFileReference section */

/* Begin PBXFrameworksBuildPhase section */
		227C56DE1ED73B48007E98A5 /* Frameworks */ = {
			isa = PBXFrameworksBuildPhase;
			buildActionMask = 2147483647;
			files = (
			);
			runOnlyForDeploymentPostprocessing = 0;
		};
		229206271ECC6E210090E78C /* Frameworks */ = {
			isa = PBXFrameworksBuildPhase;
			buildActionMask = 2147483647;
			files = (
			);
			runOnlyForDeploymentPostprocessing = 0;
		};
		22B910441ED099D800760927 /* Frameworks */ = {
			isa = PBXFrameworksBuildPhase;
			buildActionMask = 2147483647;
			files = (
			);
			runOnlyForDeploymentPostprocessing = 0;
		};
		22BA1E921EDB580B000E93CF /* Frameworks */ = {
			isa = PBXFrameworksBuildPhase;
			buildActionMask = 2147483647;
			files = (
			);
			runOnlyForDeploymentPostprocessing = 0;
		};
/* End PBXFrameworksBuildPhase section */

/* Begin PBXGroup section */
		220973891EDC334D00F3CB20 /* Protocol */ = {
			isa = PBXGroup;
			children = (
				22824BD41ED8A363005C759E /* CollectionViewConfigurable.swift */,
				22824BD61ED8A3C2005C759E /* CellConfigurable.swift */,
				22339EE01ED964E1001C4D40 /* Parsable.swift */,
			);
			name = Protocol;
			path = Shared/Protocol;
			sourceTree = "<group>";
		};
		220C11221ED55FA100C43BA2 /* Controller */ = {
			isa = PBXGroup;
			children = (
				220C11201ED55F9E00C43BA2 /* MovieCellTests.swift */,
			);
			name = Controller;
			sourceTree = "<group>";
		};
		222E2CCF1ED1DFBF0075C04E /* Model */ = {
			isa = PBXGroup;
			children = (
				22B910511ED09A2E00760927 /* MovieTests.swift */,
				222E2CD01ED1E0450075C04E /* MovieResultsDataSourceTests.swift */,
			);
			name = Model;
			sourceTree = "<group>";
		};
		2273CC5D1EDB036C0020B638 /* Assets */ = {
			isa = PBXGroup;
			children = (
				227C56EA1ED73B48007E98A5 /* Assets.xcassets */,
				227C56EC1ED73B48007E98A5 /* LaunchScreen.storyboard */,
				227C56EF1ED73B48007E98A5 /* Info.plist */,
			);
			name = Assets;
			sourceTree = "<group>";
		};
		2279AB471ECF07CE001B074B /* Shared */ = {
			isa = PBXGroup;
			children = (
				220973891EDC334D00F3CB20 /* Protocol */,
				22811E711ED742530005E60A /* Utility */,
				22811E6A1ED741FE0005E60A /* Manager */,
				22EE56FD1ECC7D5C00790E71 /* tmdbAPIKey.plist */,
				22EE56FF1ECC7E3800790E71 /* moviedata.json */,
				2240415B1ED03A6700A1AF63 /* actordata.json */,
			);
			name = Shared;
			sourceTree = "<group>";
		};
		227C56E21ED73B48007E98A5 /* MVVM */ = {
			isa = PBXGroup;
			children = (
				227C56E31ED73B48007E98A5 /* AppDelegate.swift */,
				22E039F41EDC2B5000D35297 /* Extensions.swift */,
				22811E5B1ED73C790005E60A /* Model */,
				22811E5A1ED73C730005E60A /* View */,
				22811E641ED73D6E0005E60A /* Protocol */,
				22811E591ED73C660005E60A /* ViewModel */,
				2273CC5D1EDB036C0020B638 /* Assets */,
			);
			path = MVVM;
			sourceTree = "<group>";
		};
		22811E591ED73C660005E60A /* ViewModel */ = {
			isa = PBXGroup;
			children = (
				22811E621ED73D580005E60A /* MovieViewModel.swift */,
				22339EE61ED9892E001C4D40 /* ActorViewModel.swift */,
			);
			name = ViewModel;
			sourceTree = "<group>";
		};
		22811E5A1ED73C730005E60A /* View */ = {
			isa = PBXGroup;
			children = (
				22811E5E1ED73D360005E60A /* ResultsViewController.swift */,
				22824BD81ED8AA63005C759E /* DetailViewController.swift */,
				22CC754C1EDA1CAD0058E844 /* MovieCell */,
				22CC754D1EDA1CB40058E844 /* ActorCell */,
			);
			name = View;
			sourceTree = "<group>";
		};
		22811E5B1ED73C790005E60A /* Model */ = {
			isa = PBXGroup;
			children = (
				22811E5C1ED73CDD0005E60A /* Movie.swift */,
				22339EE41ED988F8001C4D40 /* Actor.swift */,
			);
			name = Model;
			sourceTree = "<group>";
		};
		22811E641ED73D6E0005E60A /* Protocol */ = {
			isa = PBXGroup;
			children = (
				22811E651ED73D8A0005E60A /* ViewModel.swift */,
			);
			name = Protocol;
			sourceTree = "<group>";
		};
		22811E6A1ED741FE0005E60A /* Manager */ = {
			isa = PBXGroup;
			children = (
				22811E6B1ED741FE0005E60A /* DataManager.swift */,
				22811E6D1ED741FE0005E60A /* ImageStore.swift */,
			);
			name = Manager;
			path = Shared/Managers;
			sourceTree = "<group>";
		};
		22811E711ED742530005E60A /* Utility */ = {
			isa = PBXGroup;
			children = (
				22811E721ED742530005E60A /* TmdbAPI.swift */,
				22811E731ED742530005E60A /* TmdbParser.swift */,
				220973851EDC2CA800F3CB20 /* SharedExtensions.swift */,
			);
			name = Utility;
			path = Shared/Utility;
			sourceTree = "<group>";
		};
		2292061F1ECC6E040090E78C = {
			isa = PBXGroup;
			children = (
				2279AB471ECF07CE001B074B /* Shared */,
				2292062C1ECC6E210090E78C /* MVC */,
				22B910481ED099D800760927 /* MVCTests */,
				227C56E21ED73B48007E98A5 /* MVVM */,
				22BA1E961EDB580B000E93CF /* MVP */,
				2292062B1ECC6E210090E78C /* Products */,
			);
			sourceTree = "<group>";
		};
		2292062B1ECC6E210090E78C /* Products */ = {
			isa = PBXGroup;
			children = (
				2292062A1ECC6E210090E78C /* MVC.app */,
				22B910471ED099D800760927 /* MVCTests.xctest */,
				227C56E11ED73B48007E98A5 /* MVVM.app */,
				22BA1E951EDB580B000E93CF /* MVP.app */,
			);
			name = Products;
			sourceTree = "<group>";
		};
		2292062C1ECC6E210090E78C /* MVC */ = {
			isa = PBXGroup;
			children = (
				2292062D1ECC6E210090E78C /* AppDelegate.swift */,
				22EE56EB1ECC6F0000790E71 /* Model */,
				22EE56EC1ECC6F0800790E71 /* View */,
				22EE56ED1ECC6F0D00790E71 /* Controller */,
				22EE56EE1ECC6F3A00790E71 /* Assets */,
			);
			path = MVC;
			sourceTree = "<group>";
		};
		22B910481ED099D800760927 /* MVCTests */ = {
			isa = PBXGroup;
			children = (
				22B9104B1ED099D800760927 /* Info.plist */,
				222E2CCF1ED1DFBF0075C04E /* Model */,
				220C11221ED55FA100C43BA2 /* Controller */,
			);
			path = MVCTests;
			sourceTree = "<group>";
		};
		22BA1E961EDB580B000E93CF /* MVP */ = {
			isa = PBXGroup;
			children = (
				22BA1E971EDB580B000E93CF /* AppDelegate.swift */,
				22BA1EA71EDB58A3000E93CF /* Model */,
				22BA1EA81EDB58AA000E93CF /* View */,
				22BA1EAA1EDB58F9000E93CF /* Protocol */,
				22BA1EA91EDB58B5000E93CF /* Presenter */,
				22BA1E9E1EDB580B000E93CF /* Assets.xcassets */,
				22BA1EA01EDB580B000E93CF /* LaunchScreen.storyboard */,
				22BA1EA31EDB580B000E93CF /* Info.plist */,
			);
			path = MVP;
			sourceTree = "<group>";
		};
		22BA1EA71EDB58A3000E93CF /* Model */ = {
			isa = PBXGroup;
			children = (
				22C0596B1EDC16EC001286CB /* Movie.swift */,
			);
			name = Model;
			sourceTree = "<group>";
		};
		22BA1EA81EDB58AA000E93CF /* View */ = {
			isa = PBXGroup;
			children = (
				22C059691EDC1699001286CB /* MovieResultsViewController.swift */,
				22C059751EDC187B001286CB /* MovieCollectionViewCell.swift */,
				22C059761EDC187B001286CB /* MovieCollectionViewCell.xib */,
			);
			name = View;
			sourceTree = "<group>";
		};
		22BA1EA91EDB58B5000E93CF /* Presenter */ = {
			isa = PBXGroup;
			children = (
				22C059731EDC17B4001286CB /* MovieResultsPresenter.swift */,
			);
			name = Presenter;
			sourceTree = "<group>";
		};
		22BA1EAA1EDB58F9000E93CF /* Protocol */ = {
			isa = PBXGroup;
			children = (
				22C0596D1EDC1746001286CB /* Parsable.swift */,
				22C0596F1EDC176B001286CB /* ResultsView.swift */,
				22C059711EDC1793001286CB /* ResultsViewPresenter.swift */,
			);
			name = Protocol;
			sourceTree = "<group>";
		};
		22CC754C1EDA1CAD0058E844 /* MovieCell */ = {
			isa = PBXGroup;
			children = (
				22811E7E1ED75B730005E60A /* MovieCollectionViewCell.swift */,
				22811E7F1ED75B730005E60A /* MovieCollectionViewCell.xib */,
			);
			name = MovieCell;
			sourceTree = "<group>";
		};
		22CC754D1EDA1CB40058E844 /* ActorCell */ = {
			isa = PBXGroup;
			children = (
				22CC75481EDA1BA60058E844 /* ActorCollectionViewCell.swift */,
				22CC75491EDA1BA60058E844 /* ActorCollectionViewCell.xib */,
			);
			name = ActorCell;
			sourceTree = "<group>";
		};
		22EE56EB1ECC6F0000790E71 /* Model */ = {
			isa = PBXGroup;
			children = (
				22EE56F31ECC74BA00790E71 /* Movie.swift */,
				22EE56F51ECC753E00790E71 /* MovieManager.swift */,
				22EE57011ECC7F8500790E71 /* ImageStore.swift */,
				22EE56F71ECC755E00790E71 /* TmdbAPI.swift */,
				22EE56FB1ECC795200790E71 /* MovieResultsDataSource.swift */,
			);
			name = Model;
			sourceTree = "<group>";
		};
		22EE56EC1ECC6F0800790E71 /* View */ = {
			isa = PBXGroup;
			children = (
				22EE56F11ECC70CA00790E71 /* MovieCollectionViewCell.swift */,
			);
			name = View;
			sourceTree = "<group>";
		};
		22EE56ED1ECC6F0D00790E71 /* Controller */ = {
			isa = PBXGroup;
			children = (
				2279AB3C1ECEFCF9001B074B /* MovieResultsViewController.swift */,
				2279AB421ECEFF86001B074B /* MovieDetailViewController.swift */,
			);
			name = Controller;
			sourceTree = "<group>";
		};
		22EE56EE1ECC6F3A00790E71 /* Assets */ = {
			isa = PBXGroup;
			children = (
				229206341ECC6E210090E78C /* Assets.xcassets */,
				229206361ECC6E210090E78C /* LaunchScreen.storyboard */,
				223FB4F31ECF106E0073C66E /* Main.storyboard */,
				229206391ECC6E210090E78C /* Info.plist */,
			);
			name = Assets;
			sourceTree = "<group>";
		};
/* End PBXGroup section */

/* Begin PBXNativeTarget section */
		227C56E01ED73B48007E98A5 /* MVVM */ = {
			isa = PBXNativeTarget;
			buildConfigurationList = 227C56F21ED73B48007E98A5 /* Build configuration list for PBXNativeTarget "MVVM" */;
			buildPhases = (
				227C56DD1ED73B48007E98A5 /* Sources */,
				227C56DE1ED73B48007E98A5 /* Frameworks */,
				227C56DF1ED73B48007E98A5 /* Resources */,
			);
			buildRules = (
			);
			dependencies = (
			);
			name = MVVM;
			productName = MVVM;
			productReference = 227C56E11ED73B48007E98A5 /* MVVM.app */;
			productType = "com.apple.product-type.application";
		};
		229206291ECC6E210090E78C /* MVC */ = {
			isa = PBXNativeTarget;
			buildConfigurationList = 2292063A1ECC6E210090E78C /* Build configuration list for PBXNativeTarget "MVC" */;
			buildPhases = (
				229206261ECC6E210090E78C /* Sources */,
				229206271ECC6E210090E78C /* Frameworks */,
				229206281ECC6E210090E78C /* Resources */,
			);
			buildRules = (
			);
			dependencies = (
			);
			name = MVC;
			productName = MVC;
			productReference = 2292062A1ECC6E210090E78C /* MVC.app */;
			productType = "com.apple.product-type.application";
		};
		22B910461ED099D800760927 /* MVCTests */ = {
			isa = PBXNativeTarget;
			buildConfigurationList = 22B910501ED099D900760927 /* Build configuration list for PBXNativeTarget "MVCTests" */;
			buildPhases = (
				22B910431ED099D800760927 /* Sources */,
				22B910441ED099D800760927 /* Frameworks */,
				22B910451ED099D800760927 /* Resources */,
			);
			buildRules = (
			);
			dependencies = (
				22B9104D1ED099D800760927 /* PBXTargetDependency */,
			);
			name = MVCTests;
			productName = MVCTests;
			productReference = 22B910471ED099D800760927 /* MVCTests.xctest */;
			productType = "com.apple.product-type.bundle.unit-test";
		};
		22BA1E941EDB580B000E93CF /* MVP */ = {
			isa = PBXNativeTarget;
			buildConfigurationList = 22BA1EA61EDB580B000E93CF /* Build configuration list for PBXNativeTarget "MVP" */;
			buildPhases = (
				22BA1E911EDB580B000E93CF /* Sources */,
				22BA1E921EDB580B000E93CF /* Frameworks */,
				22BA1E931EDB580B000E93CF /* Resources */,
			);
			buildRules = (
			);
			dependencies = (
			);
			name = MVP;
			productName = MVP;
			productReference = 22BA1E951EDB580B000E93CF /* MVP.app */;
			productType = "com.apple.product-type.application";
		};
/* End PBXNativeTarget section */

/* Begin PBXProject section */
		229206201ECC6E040090E78C /* Project object */ = {
			isa = PBXProject;
			attributes = {
				LastSwiftUpdateCheck = 0830;
				LastUpgradeCheck = 0830;
				TargetAttributes = {
					227C56E01ED73B48007E98A5 = {
						CreatedOnToolsVersion = 8.3.2;
						DevelopmentTeam = UZAEKA4CYL;
						ProvisioningStyle = Automatic;
					};
					229206291ECC6E210090E78C = {
						CreatedOnToolsVersion = 8.3.2;
						DevelopmentTeam = UZAEKA4CYL;
						ProvisioningStyle = Automatic;
					};
					22B910461ED099D800760927 = {
						CreatedOnToolsVersion = 8.3.2;
						DevelopmentTeam = UZAEKA4CYL;
						LastSwiftMigration = 0830;
						ProvisioningStyle = Automatic;
						TestTargetID = 229206291ECC6E210090E78C;
					};
					22BA1E941EDB580B000E93CF = {
						CreatedOnToolsVersion = 8.3.2;
						DevelopmentTeam = UZAEKA4CYL;
						ProvisioningStyle = Automatic;
					};
				};
			};
			buildConfigurationList = 229206231ECC6E040090E78C /* Build configuration list for PBXProject "Architectures" */;
			compatibilityVersion = "Xcode 3.2";
			developmentRegion = English;
			hasScannedForEncodings = 0;
			knownRegions = (
				en,
				Base,
			);
			mainGroup = 2292061F1ECC6E040090E78C;
			productRefGroup = 2292062B1ECC6E210090E78C /* Products */;
			projectDirPath = "";
			projectRoot = "";
			targets = (
				229206291ECC6E210090E78C /* MVC */,
				22B910461ED099D800760927 /* MVCTests */,
				227C56E01ED73B48007E98A5 /* MVVM */,
				22BA1E941EDB580B000E93CF /* MVP */,
			);
		};
/* End PBXProject section */

/* Begin PBXResourcesBuildPhase section */
		227C56DF1ED73B48007E98A5 /* Resources */ = {
			isa = PBXResourcesBuildPhase;
			buildActionMask = 2147483647;
			files = (
				22811E681ED7409B0005E60A /* actordata.json in Resources */,
				22811E671ED740970005E60A /* moviedata.json in Resources */,
				22811E691ED7409D0005E60A /* tmdbAPIKey.plist in Resources */,
				227C56EE1ED73B48007E98A5 /* LaunchScreen.storyboard in Resources */,
				227C56EB1ED73B48007E98A5 /* Assets.xcassets in Resources */,
				22811E811ED75B730005E60A /* MovieCollectionViewCell.xib in Resources */,
				22CC754B1EDA1BA60058E844 /* ActorCollectionViewCell.xib in Resources */,
			);
			runOnlyForDeploymentPostprocessing = 0;
		};
		229206281ECC6E210090E78C /* Resources */ = {
			isa = PBXResourcesBuildPhase;
			buildActionMask = 2147483647;
			files = (
				22EE56FE1ECC7D5C00790E71 /* tmdbAPIKey.plist in Resources */,
				229206381ECC6E210090E78C /* LaunchScreen.storyboard in Resources */,
				223FB4F41ECF106E0073C66E /* Main.storyboard in Resources */,
				22EE57001ECC7E3800790E71 /* moviedata.json in Resources */,
				229206351ECC6E210090E78C /* Assets.xcassets in Resources */,
				2240415C1ED03A6700A1AF63 /* actordata.json in Resources */,
			);
			runOnlyForDeploymentPostprocessing = 0;
		};
		22B910451ED099D800760927 /* Resources */ = {
			isa = PBXResourcesBuildPhase;
			buildActionMask = 2147483647;
			files = (
			);
			runOnlyForDeploymentPostprocessing = 0;
		};
		22BA1E931EDB580B000E93CF /* Resources */ = {
			isa = PBXResourcesBuildPhase;
			buildActionMask = 2147483647;
			files = (
				22BA1EA21EDB580B000E93CF /* LaunchScreen.storyboard in Resources */,
				22C059671EDC1628001286CB /* actordata.json in Resources */,
				22BA1E9F1EDB580B000E93CF /* Assets.xcassets in Resources */,
				22C059661EDC1628001286CB /* moviedata.json in Resources */,
				22C059681EDC162C001286CB /* tmdbAPIKey.plist in Resources */,
				22C059781EDC187B001286CB /* MovieCollectionViewCell.xib in Resources */,
			);
			runOnlyForDeploymentPostprocessing = 0;
		};
/* End PBXResourcesBuildPhase section */

/* Begin PBXSourcesBuildPhase section */
		227C56DD1ED73B48007E98A5 /* Sources */ = {
			isa = PBXSourcesBuildPhase;
			buildActionMask = 2147483647;
			files = (
				22824BD51ED8A364005C759E /* CollectionViewConfigurable.swift in Sources */,
				22811E661ED73D8A0005E60A /* ViewModel.swift in Sources */,
				22339EE11ED964E1001C4D40 /* Parsable.swift in Sources */,
				22811E741ED742530005E60A /* TmdbAPI.swift in Sources */,
				22811E6E1ED741FE0005E60A /* DataManager.swift in Sources */,
				22811E701ED741FE0005E60A /* ImageStore.swift in Sources */,
				22811E5D1ED73CDD0005E60A /* Movie.swift in Sources */,
				22E039F51EDC2B5000D35297 /* Extensions.swift in Sources */,
				227C56E41ED73B48007E98A5 /* AppDelegate.swift in Sources */,
				220973871EDC2CCB00F3CB20 /* SharedExtensions.swift in Sources */,
				22811E751ED742530005E60A /* TmdbParser.swift in Sources */,
				22811E601ED73D360005E60A /* ResultsViewController.swift in Sources */,
				22CC754A1EDA1BA60058E844 /* ActorCollectionViewCell.swift in Sources */,
				22824BD71ED8A3C2005C759E /* CellConfigurable.swift in Sources */,
				22339EE71ED9892E001C4D40 /* ActorViewModel.swift in Sources */,
				22811E801ED75B730005E60A /* MovieCollectionViewCell.swift in Sources */,
				22824BD91ED8AA63005C759E /* DetailViewController.swift in Sources */,
				22811E631ED73D580005E60A /* MovieViewModel.swift in Sources */,
				22339EE51ED988F8001C4D40 /* Actor.swift in Sources */,
			);
			runOnlyForDeploymentPostprocessing = 0;
		};
		229206261ECC6E210090E78C /* Sources */ = {
			isa = PBXSourcesBuildPhase;
			buildActionMask = 2147483647;
			files = (
				2279AB3E1ECEFCF9001B074B /* MovieResultsViewController.swift in Sources */,
				22EE56F21ECC70CA00790E71 /* MovieCollectionViewCell.swift in Sources */,
				22EE56F81ECC755E00790E71 /* TmdbAPI.swift in Sources */,
				22EE56FC1ECC795200790E71 /* MovieResultsDataSource.swift in Sources */,
				22EE57031ECC817A00790E71 /* ImageStore.swift in Sources */,
				22EE56F61ECC753E00790E71 /* MovieManager.swift in Sources */,
				22EE56F41ECC74BA00790E71 /* Movie.swift in Sources */,
				2279AB441ECEFF86001B074B /* MovieDetailViewController.swift in Sources */,
				2292062E1ECC6E210090E78C /* AppDelegate.swift in Sources */,
			);
			runOnlyForDeploymentPostprocessing = 0;
		};
		22B910431ED099D800760927 /* Sources */ = {
			isa = PBXSourcesBuildPhase;
			buildActionMask = 2147483647;
			files = (
				222E2CD11ED1E0450075C04E /* MovieResultsDataSourceTests.swift in Sources */,
				220C11211ED55F9E00C43BA2 /* MovieCellTests.swift in Sources */,
				22B910521ED09A2E00760927 /* MovieTests.swift in Sources */,
			);
			runOnlyForDeploymentPostprocessing = 0;
		};
		22BA1E911EDB580B000E93CF /* Sources */ = {
			isa = PBXSourcesBuildPhase;
			buildActionMask = 2147483647;
			files = (
				22C059721EDC1793001286CB /* ResultsViewPresenter.swift in Sources */,
				22C0597C1EDC204C001286CB /* DataManager.swift in Sources */,
				22C059791EDC204C001286CB /* TmdbAPI.swift in Sources */,
				2209738C1EDC33D700F3CB20 /* Parsable.swift in Sources */,
				22C0596A1EDC1699001286CB /* MovieResultsViewController.swift in Sources */,
				22BA1E981EDB580B000E93CF /* AppDelegate.swift in Sources */,
				220973881EDC2CCC00F3CB20 /* SharedExtensions.swift in Sources */,
				22C0596C1EDC16EC001286CB /* Movie.swift in Sources */,
				22C059701EDC176B001286CB /* ResultsView.swift in Sources */,
				2209738A1EDC33D700F3CB20 /* CollectionViewConfigurable.swift in Sources */,
				22C059741EDC17B4001286CB /* MovieResultsPresenter.swift in Sources */,
				2209738B1EDC33D700F3CB20 /* CellConfigurable.swift in Sources */,
				22C0597D1EDC204C001286CB /* ImageStore.swift in Sources */,
				22C0597A1EDC204C001286CB /* TmdbParser.swift in Sources */,
				22C0596E1EDC1746001286CB /* Parsable.swift in Sources */,
				22C059771EDC187B001286CB /* MovieCollectionViewCell.swift in Sources */,
			);
			runOnlyForDeploymentPostprocessing = 0;
		};
/* End PBXSourcesBuildPhase section */

/* Begin PBXTargetDependency section */
		22B9104D1ED099D800760927 /* PBXTargetDependency */ = {
			isa = PBXTargetDependency;
			target = 229206291ECC6E210090E78C /* MVC */;
			targetProxy = 22B9104C1ED099D800760927 /* PBXContainerItemProxy */;
		};
/* End PBXTargetDependency section */

/* Begin PBXVariantGroup section */
		227C56EC1ED73B48007E98A5 /* LaunchScreen.storyboard */ = {
			isa = PBXVariantGroup;
			children = (
				227C56ED1ED73B48007E98A5 /* Base */,
			);
			name = LaunchScreen.storyboard;
			sourceTree = "<group>";
		};
		229206361ECC6E210090E78C /* LaunchScreen.storyboard */ = {
			isa = PBXVariantGroup;
			children = (
				229206371ECC6E210090E78C /* Base */,
			);
			name = LaunchScreen.storyboard;
			sourceTree = "<group>";
		};
		22BA1EA01EDB580B000E93CF /* LaunchScreen.storyboard */ = {
			isa = PBXVariantGroup;
			children = (
				22BA1EA11EDB580B000E93CF /* Base */,
			);
			name = LaunchScreen.storyboard;
			sourceTree = "<group>";
		};
/* End PBXVariantGroup section */

/* Begin XCBuildConfiguration section */
		227C56F01ED73B48007E98A5 /* Debug */ = {
			isa = XCBuildConfiguration;
			buildSettings = {
				ALWAYS_SEARCH_USER_PATHS = NO;
				ASSETCATALOG_COMPILER_APPICON_NAME = AppIcon;
				CLANG_ANALYZER_NONNULL = YES;
				CLANG_ANALYZER_NUMBER_OBJECT_CONVERSION = YES_AGGRESSIVE;
				CLANG_CXX_LANGUAGE_STANDARD = "gnu++0x";
				CLANG_CXX_LIBRARY = "libc++";
				CLANG_ENABLE_MODULES = YES;
				CLANG_ENABLE_OBJC_ARC = YES;
				CLANG_WARN_BOOL_CONVERSION = YES;
				CLANG_WARN_CONSTANT_CONVERSION = YES;
				CLANG_WARN_DIRECT_OBJC_ISA_USAGE = YES_ERROR;
				CLANG_WARN_DOCUMENTATION_COMMENTS = YES;
				CLANG_WARN_EMPTY_BODY = YES;
				CLANG_WARN_ENUM_CONVERSION = YES;
				CLANG_WARN_INFINITE_RECURSION = YES;
				CLANG_WARN_INT_CONVERSION = YES;
				CLANG_WARN_OBJC_ROOT_CLASS = YES_ERROR;
				CLANG_WARN_SUSPICIOUS_MOVE = YES;
				CLANG_WARN_UNREACHABLE_CODE = YES;
				CLANG_WARN__DUPLICATE_METHOD_MATCH = YES;
				"CODE_SIGN_IDENTITY[sdk=iphoneos*]" = "iPhone Developer";
				COPY_PHASE_STRIP = NO;
				DEBUG_INFORMATION_FORMAT = dwarf;
				DEVELOPMENT_TEAM = UZAEKA4CYL;
				ENABLE_STRICT_OBJC_MSGSEND = YES;
				ENABLE_TESTABILITY = YES;
				GCC_C_LANGUAGE_STANDARD = gnu99;
				GCC_DYNAMIC_NO_PIC = NO;
				GCC_NO_COMMON_BLOCKS = YES;
				GCC_OPTIMIZATION_LEVEL = 0;
				GCC_PREPROCESSOR_DEFINITIONS = (
					"DEBUG=1",
					"$(inherited)",
				);
				GCC_WARN_64_TO_32_BIT_CONVERSION = YES;
				GCC_WARN_ABOUT_RETURN_TYPE = YES_ERROR;
				GCC_WARN_UNDECLARED_SELECTOR = YES;
				GCC_WARN_UNINITIALIZED_AUTOS = YES_AGGRESSIVE;
				GCC_WARN_UNUSED_FUNCTION = YES;
				GCC_WARN_UNUSED_VARIABLE = YES;
				INFOPLIST_FILE = MVVM/Info.plist;
				IPHONEOS_DEPLOYMENT_TARGET = 10.3;
				LD_RUNPATH_SEARCH_PATHS = "$(inherited) @executable_path/Frameworks";
				MTL_ENABLE_DEBUG_INFO = YES;
				ONLY_ACTIVE_ARCH = YES;
				PRODUCT_BUNDLE_IDENTIFIER = FabijanBajo.MVVM;
				PRODUCT_NAME = "$(TARGET_NAME)";
				SDKROOT = iphoneos;
				SWIFT_ACTIVE_COMPILATION_CONDITIONS = DEBUG;
				SWIFT_OPTIMIZATION_LEVEL = "-Onone";
				SWIFT_VERSION = 3.0;
			};
			name = Debug;
		};
		227C56F11ED73B48007E98A5 /* Release */ = {
			isa = XCBuildConfiguration;
			buildSettings = {
				ALWAYS_SEARCH_USER_PATHS = NO;
				ASSETCATALOG_COMPILER_APPICON_NAME = AppIcon;
				CLANG_ANALYZER_NONNULL = YES;
				CLANG_ANALYZER_NUMBER_OBJECT_CONVERSION = YES_AGGRESSIVE;
				CLANG_CXX_LANGUAGE_STANDARD = "gnu++0x";
				CLANG_CXX_LIBRARY = "libc++";
				CLANG_ENABLE_MODULES = YES;
				CLANG_ENABLE_OBJC_ARC = YES;
				CLANG_WARN_BOOL_CONVERSION = YES;
				CLANG_WARN_CONSTANT_CONVERSION = YES;
				CLANG_WARN_DIRECT_OBJC_ISA_USAGE = YES_ERROR;
				CLANG_WARN_DOCUMENTATION_COMMENTS = YES;
				CLANG_WARN_EMPTY_BODY = YES;
				CLANG_WARN_ENUM_CONVERSION = YES;
				CLANG_WARN_INFINITE_RECURSION = YES;
				CLANG_WARN_INT_CONVERSION = YES;
				CLANG_WARN_OBJC_ROOT_CLASS = YES_ERROR;
				CLANG_WARN_SUSPICIOUS_MOVE = YES;
				CLANG_WARN_UNREACHABLE_CODE = YES;
				CLANG_WARN__DUPLICATE_METHOD_MATCH = YES;
				"CODE_SIGN_IDENTITY[sdk=iphoneos*]" = "iPhone Developer";
				COPY_PHASE_STRIP = NO;
				DEBUG_INFORMATION_FORMAT = "dwarf-with-dsym";
				DEVELOPMENT_TEAM = UZAEKA4CYL;
				ENABLE_NS_ASSERTIONS = NO;
				ENABLE_STRICT_OBJC_MSGSEND = YES;
				GCC_C_LANGUAGE_STANDARD = gnu99;
				GCC_NO_COMMON_BLOCKS = YES;
				GCC_WARN_64_TO_32_BIT_CONVERSION = YES;
				GCC_WARN_ABOUT_RETURN_TYPE = YES_ERROR;
				GCC_WARN_UNDECLARED_SELECTOR = YES;
				GCC_WARN_UNINITIALIZED_AUTOS = YES_AGGRESSIVE;
				GCC_WARN_UNUSED_FUNCTION = YES;
				GCC_WARN_UNUSED_VARIABLE = YES;
				INFOPLIST_FILE = MVVM/Info.plist;
				IPHONEOS_DEPLOYMENT_TARGET = 10.3;
				LD_RUNPATH_SEARCH_PATHS = "$(inherited) @executable_path/Frameworks";
				MTL_ENABLE_DEBUG_INFO = NO;
				PRODUCT_BUNDLE_IDENTIFIER = FabijanBajo.MVVM;
				PRODUCT_NAME = "$(TARGET_NAME)";
				SDKROOT = iphoneos;
				SWIFT_OPTIMIZATION_LEVEL = "-Owholemodule";
				SWIFT_VERSION = 3.0;
				VALIDATE_PRODUCT = YES;
			};
			name = Release;
		};
		229206241ECC6E040090E78C /* Debug */ = {
			isa = XCBuildConfiguration;
			buildSettings = {
				SWIFT_OPTIMIZATION_LEVEL = "-Owholemodule";
			};
			name = Debug;
		};
		229206251ECC6E040090E78C /* Release */ = {
			isa = XCBuildConfiguration;
			buildSettings = {
				SWIFT_OPTIMIZATION_LEVEL = "-Owholemodule";
			};
			name = Release;
		};
		2292063B1ECC6E210090E78C /* Debug */ = {
			isa = XCBuildConfiguration;
			buildSettings = {
				ALWAYS_SEARCH_USER_PATHS = NO;
				ASSETCATALOG_COMPILER_APPICON_NAME = AppIcon;
				CLANG_ANALYZER_NONNULL = YES;
				CLANG_ANALYZER_NUMBER_OBJECT_CONVERSION = YES_AGGRESSIVE;
				CLANG_CXX_LANGUAGE_STANDARD = "gnu++0x";
				CLANG_CXX_LIBRARY = "libc++";
				CLANG_ENABLE_MODULES = YES;
				CLANG_ENABLE_OBJC_ARC = YES;
				CLANG_WARN_BOOL_CONVERSION = YES;
				CLANG_WARN_CONSTANT_CONVERSION = YES;
				CLANG_WARN_DIRECT_OBJC_ISA_USAGE = YES_ERROR;
				CLANG_WARN_DOCUMENTATION_COMMENTS = YES;
				CLANG_WARN_EMPTY_BODY = YES;
				CLANG_WARN_ENUM_CONVERSION = YES;
				CLANG_WARN_INFINITE_RECURSION = YES;
				CLANG_WARN_INT_CONVERSION = YES;
				CLANG_WARN_OBJC_ROOT_CLASS = YES_ERROR;
				CLANG_WARN_SUSPICIOUS_MOVE = YES;
				CLANG_WARN_UNREACHABLE_CODE = YES;
				CLANG_WARN__DUPLICATE_METHOD_MATCH = YES;
				"CODE_SIGN_IDENTITY[sdk=iphoneos*]" = "iPhone Developer";
				COPY_PHASE_STRIP = NO;
				DEBUG_INFORMATION_FORMAT = dwarf;
				DEVELOPMENT_TEAM = UZAEKA4CYL;
				ENABLE_STRICT_OBJC_MSGSEND = YES;
				ENABLE_TESTABILITY = YES;
				GCC_C_LANGUAGE_STANDARD = gnu99;
				GCC_DYNAMIC_NO_PIC = NO;
				GCC_NO_COMMON_BLOCKS = YES;
				GCC_OPTIMIZATION_LEVEL = 0;
				GCC_PREPROCESSOR_DEFINITIONS = (
					"DEBUG=1",
					"$(inherited)",
				);
				GCC_WARN_64_TO_32_BIT_CONVERSION = YES;
				GCC_WARN_ABOUT_RETURN_TYPE = YES_ERROR;
				GCC_WARN_UNDECLARED_SELECTOR = YES;
				GCC_WARN_UNINITIALIZED_AUTOS = YES_AGGRESSIVE;
				GCC_WARN_UNUSED_FUNCTION = YES;
				GCC_WARN_UNUSED_VARIABLE = YES;
				INFOPLIST_FILE = MVC/Info.plist;
				IPHONEOS_DEPLOYMENT_TARGET = 10.3;
				LD_RUNPATH_SEARCH_PATHS = "$(inherited) @executable_path/Frameworks";
				MTL_ENABLE_DEBUG_INFO = YES;
				ONLY_ACTIVE_ARCH = YES;
				PRODUCT_BUNDLE_IDENTIFIER = FabijanBajo.MVC;
				PRODUCT_NAME = "$(TARGET_NAME)";
				SDKROOT = iphoneos;
				SWIFT_ACTIVE_COMPILATION_CONDITIONS = DEBUG;
				SWIFT_OPTIMIZATION_LEVEL = "-Onone";
				SWIFT_VERSION = 3.0;
			};
			name = Debug;
		};
		2292063C1ECC6E210090E78C /* Release */ = {
			isa = XCBuildConfiguration;
			buildSettings = {
				ALWAYS_SEARCH_USER_PATHS = NO;
				ASSETCATALOG_COMPILER_APPICON_NAME = AppIcon;
				CLANG_ANALYZER_NONNULL = YES;
				CLANG_ANALYZER_NUMBER_OBJECT_CONVERSION = YES_AGGRESSIVE;
				CLANG_CXX_LANGUAGE_STANDARD = "gnu++0x";
				CLANG_CXX_LIBRARY = "libc++";
				CLANG_ENABLE_MODULES = YES;
				CLANG_ENABLE_OBJC_ARC = YES;
				CLANG_WARN_BOOL_CONVERSION = YES;
				CLANG_WARN_CONSTANT_CONVERSION = YES;
				CLANG_WARN_DIRECT_OBJC_ISA_USAGE = YES_ERROR;
				CLANG_WARN_DOCUMENTATION_COMMENTS = YES;
				CLANG_WARN_EMPTY_BODY = YES;
				CLANG_WARN_ENUM_CONVERSION = YES;
				CLANG_WARN_INFINITE_RECURSION = YES;
				CLANG_WARN_INT_CONVERSION = YES;
				CLANG_WARN_OBJC_ROOT_CLASS = YES_ERROR;
				CLANG_WARN_SUSPICIOUS_MOVE = YES;
				CLANG_WARN_UNREACHABLE_CODE = YES;
				CLANG_WARN__DUPLICATE_METHOD_MATCH = YES;
				"CODE_SIGN_IDENTITY[sdk=iphoneos*]" = "iPhone Developer";
				COPY_PHASE_STRIP = NO;
				DEBUG_INFORMATION_FORMAT = "dwarf-with-dsym";
				DEVELOPMENT_TEAM = UZAEKA4CYL;
				ENABLE_NS_ASSERTIONS = NO;
				ENABLE_STRICT_OBJC_MSGSEND = YES;
				GCC_C_LANGUAGE_STANDARD = gnu99;
				GCC_NO_COMMON_BLOCKS = YES;
				GCC_WARN_64_TO_32_BIT_CONVERSION = YES;
				GCC_WARN_ABOUT_RETURN_TYPE = YES_ERROR;
				GCC_WARN_UNDECLARED_SELECTOR = YES;
				GCC_WARN_UNINITIALIZED_AUTOS = YES_AGGRESSIVE;
				GCC_WARN_UNUSED_FUNCTION = YES;
				GCC_WARN_UNUSED_VARIABLE = YES;
				INFOPLIST_FILE = MVC/Info.plist;
				IPHONEOS_DEPLOYMENT_TARGET = 10.3;
				LD_RUNPATH_SEARCH_PATHS = "$(inherited) @executable_path/Frameworks";
				MTL_ENABLE_DEBUG_INFO = NO;
				PRODUCT_BUNDLE_IDENTIFIER = FabijanBajo.MVC;
				PRODUCT_NAME = "$(TARGET_NAME)";
				SDKROOT = iphoneos;
				SWIFT_OPTIMIZATION_LEVEL = "-Owholemodule";
				SWIFT_VERSION = 3.0;
				VALIDATE_PRODUCT = YES;
			};
			name = Release;
		};
		22B9104E1ED099D800760927 /* Debug */ = {
			isa = XCBuildConfiguration;
			buildSettings = {
				ALWAYS_SEARCH_USER_PATHS = NO;
				BUNDLE_LOADER = "$(TEST_HOST)";
				CLANG_ANALYZER_NONNULL = YES;
				CLANG_ANALYZER_NUMBER_OBJECT_CONVERSION = YES_AGGRESSIVE;
				CLANG_CXX_LANGUAGE_STANDARD = "gnu++0x";
				CLANG_CXX_LIBRARY = "libc++";
				CLANG_ENABLE_MODULES = YES;
				CLANG_ENABLE_OBJC_ARC = YES;
				CLANG_WARN_BOOL_CONVERSION = YES;
				CLANG_WARN_CONSTANT_CONVERSION = YES;
				CLANG_WARN_DIRECT_OBJC_ISA_USAGE = YES_ERROR;
				CLANG_WARN_DOCUMENTATION_COMMENTS = YES;
				CLANG_WARN_EMPTY_BODY = YES;
				CLANG_WARN_ENUM_CONVERSION = YES;
				CLANG_WARN_INFINITE_RECURSION = YES;
				CLANG_WARN_INT_CONVERSION = YES;
				CLANG_WARN_OBJC_ROOT_CLASS = YES_ERROR;
				CLANG_WARN_SUSPICIOUS_MOVE = YES;
				CLANG_WARN_UNREACHABLE_CODE = YES;
				CLANG_WARN__DUPLICATE_METHOD_MATCH = YES;
				"CODE_SIGN_IDENTITY[sdk=iphoneos*]" = "iPhone Developer";
				COPY_PHASE_STRIP = NO;
				DEBUG_INFORMATION_FORMAT = dwarf;
				DEVELOPMENT_TEAM = UZAEKA4CYL;
				ENABLE_STRICT_OBJC_MSGSEND = YES;
				ENABLE_TESTABILITY = YES;
				GCC_C_LANGUAGE_STANDARD = gnu99;
				GCC_DYNAMIC_NO_PIC = NO;
				GCC_NO_COMMON_BLOCKS = YES;
				GCC_OPTIMIZATION_LEVEL = 0;
				GCC_PREPROCESSOR_DEFINITIONS = (
					"DEBUG=1",
					"$(inherited)",
				);
				GCC_WARN_64_TO_32_BIT_CONVERSION = YES;
				GCC_WARN_ABOUT_RETURN_TYPE = YES_ERROR;
				GCC_WARN_UNDECLARED_SELECTOR = YES;
				GCC_WARN_UNINITIALIZED_AUTOS = YES_AGGRESSIVE;
				GCC_WARN_UNUSED_FUNCTION = YES;
				GCC_WARN_UNUSED_VARIABLE = YES;
				INFOPLIST_FILE = MVCTests/Info.plist;
				IPHONEOS_DEPLOYMENT_TARGET = 10.3;
				LD_RUNPATH_SEARCH_PATHS = "$(inherited) @executable_path/Frameworks @loader_path/Frameworks";
				MTL_ENABLE_DEBUG_INFO = YES;
				ONLY_ACTIVE_ARCH = YES;
				PRODUCT_BUNDLE_IDENTIFIER = FabijanBajo.MVCTests;
				PRODUCT_NAME = "$(TARGET_NAME)";
				SDKROOT = iphoneos;
				SWIFT_ACTIVE_COMPILATION_CONDITIONS = DEBUG;
				SWIFT_OPTIMIZATION_LEVEL = "-Onone";
				SWIFT_VERSION = 3.0;
				TEST_HOST = "$(BUILT_PRODUCTS_DIR)/MVC.app/MVC";
			};
			name = Debug;
		};
		22B9104F1ED099D800760927 /* Release */ = {
			isa = XCBuildConfiguration;
			buildSettings = {
				ALWAYS_SEARCH_USER_PATHS = NO;
				BUNDLE_LOADER = "$(TEST_HOST)";
				CLANG_ANALYZER_NONNULL = YES;
				CLANG_ANALYZER_NUMBER_OBJECT_CONVERSION = YES_AGGRESSIVE;
				CLANG_CXX_LANGUAGE_STANDARD = "gnu++0x";
				CLANG_CXX_LIBRARY = "libc++";
				CLANG_ENABLE_MODULES = YES;
				CLANG_ENABLE_OBJC_ARC = YES;
				CLANG_WARN_BOOL_CONVERSION = YES;
				CLANG_WARN_CONSTANT_CONVERSION = YES;
				CLANG_WARN_DIRECT_OBJC_ISA_USAGE = YES_ERROR;
				CLANG_WARN_DOCUMENTATION_COMMENTS = YES;
				CLANG_WARN_EMPTY_BODY = YES;
				CLANG_WARN_ENUM_CONVERSION = YES;
				CLANG_WARN_INFINITE_RECURSION = YES;
				CLANG_WARN_INT_CONVERSION = YES;
				CLANG_WARN_OBJC_ROOT_CLASS = YES_ERROR;
				CLANG_WARN_SUSPICIOUS_MOVE = YES;
				CLANG_WARN_UNREACHABLE_CODE = YES;
				CLANG_WARN__DUPLICATE_METHOD_MATCH = YES;
				"CODE_SIGN_IDENTITY[sdk=iphoneos*]" = "iPhone Developer";
				COPY_PHASE_STRIP = NO;
				DEBUG_INFORMATION_FORMAT = "dwarf-with-dsym";
				DEVELOPMENT_TEAM = UZAEKA4CYL;
				ENABLE_NS_ASSERTIONS = NO;
				ENABLE_STRICT_OBJC_MSGSEND = YES;
				GCC_C_LANGUAGE_STANDARD = gnu99;
				GCC_NO_COMMON_BLOCKS = YES;
				GCC_WARN_64_TO_32_BIT_CONVERSION = YES;
				GCC_WARN_ABOUT_RETURN_TYPE = YES_ERROR;
				GCC_WARN_UNDECLARED_SELECTOR = YES;
				GCC_WARN_UNINITIALIZED_AUTOS = YES_AGGRESSIVE;
				GCC_WARN_UNUSED_FUNCTION = YES;
				GCC_WARN_UNUSED_VARIABLE = YES;
				INFOPLIST_FILE = MVCTests/Info.plist;
				IPHONEOS_DEPLOYMENT_TARGET = 10.3;
				LD_RUNPATH_SEARCH_PATHS = "$(inherited) @executable_path/Frameworks @loader_path/Frameworks";
				MTL_ENABLE_DEBUG_INFO = NO;
				PRODUCT_BUNDLE_IDENTIFIER = FabijanBajo.MVCTests;
				PRODUCT_NAME = "$(TARGET_NAME)";
				SDKROOT = iphoneos;
				SWIFT_OPTIMIZATION_LEVEL = "-Owholemodule";
				SWIFT_VERSION = 3.0;
				TEST_HOST = "$(BUILT_PRODUCTS_DIR)/MVC.app/MVC";
				VALIDATE_PRODUCT = YES;
			};
			name = Release;
		};
		22BA1EA41EDB580B000E93CF /* Debug */ = {
			isa = XCBuildConfiguration;
			buildSettings = {
				ALWAYS_SEARCH_USER_PATHS = NO;
				ASSETCATALOG_COMPILER_APPICON_NAME = AppIcon;
				CLANG_ANALYZER_NONNULL = YES;
				CLANG_ANALYZER_NUMBER_OBJECT_CONVERSION = YES_AGGRESSIVE;
				CLANG_CXX_LANGUAGE_STANDARD = "gnu++0x";
				CLANG_CXX_LIBRARY = "libc++";
				CLANG_ENABLE_MODULES = YES;
				CLANG_ENABLE_OBJC_ARC = YES;
				CLANG_WARN_BOOL_CONVERSION = YES;
				CLANG_WARN_CONSTANT_CONVERSION = YES;
				CLANG_WARN_DIRECT_OBJC_ISA_USAGE = YES_ERROR;
				CLANG_WARN_DOCUMENTATION_COMMENTS = YES;
				CLANG_WARN_EMPTY_BODY = YES;
				CLANG_WARN_ENUM_CONVERSION = YES;
				CLANG_WARN_INFINITE_RECURSION = YES;
				CLANG_WARN_INT_CONVERSION = YES;
				CLANG_WARN_OBJC_ROOT_CLASS = YES_ERROR;
				CLANG_WARN_SUSPICIOUS_MOVE = YES;
				CLANG_WARN_UNREACHABLE_CODE = YES;
				CLANG_WARN__DUPLICATE_METHOD_MATCH = YES;
				"CODE_SIGN_IDENTITY[sdk=iphoneos*]" = "iPhone Developer";
				COPY_PHASE_STRIP = NO;
				DEBUG_INFORMATION_FORMAT = dwarf;
				DEVELOPMENT_TEAM = UZAEKA4CYL;
				ENABLE_STRICT_OBJC_MSGSEND = YES;
				ENABLE_TESTABILITY = YES;
				GCC_C_LANGUAGE_STANDARD = gnu99;
				GCC_DYNAMIC_NO_PIC = NO;
				GCC_NO_COMMON_BLOCKS = YES;
				GCC_OPTIMIZATION_LEVEL = 0;
				GCC_PREPROCESSOR_DEFINITIONS = (
					"DEBUG=1",
					"$(inherited)",
				);
				GCC_WARN_64_TO_32_BIT_CONVERSION = YES;
				GCC_WARN_ABOUT_RETURN_TYPE = YES_ERROR;
				GCC_WARN_UNDECLARED_SELECTOR = YES;
				GCC_WARN_UNINITIALIZED_AUTOS = YES_AGGRESSIVE;
				GCC_WARN_UNUSED_FUNCTION = YES;
				GCC_WARN_UNUSED_VARIABLE = YES;
				INFOPLIST_FILE = MVP/Info.plist;
				IPHONEOS_DEPLOYMENT_TARGET = 10.3;
				LD_RUNPATH_SEARCH_PATHS = "$(inherited) @executable_path/Frameworks";
				MTL_ENABLE_DEBUG_INFO = YES;
				ONLY_ACTIVE_ARCH = YES;
				PRODUCT_BUNDLE_IDENTIFIER = FabijanBajo.MVP;
				PRODUCT_NAME = "$(TARGET_NAME)";
				SDKROOT = iphoneos;
				SWIFT_ACTIVE_COMPILATION_CONDITIONS = DEBUG;
				SWIFT_OPTIMIZATION_LEVEL = "-Onone";
				SWIFT_VERSION = 3.0;
			};
			name = Debug;
		};
		22BA1EA51EDB580B000E93CF /* Release */ = {
			isa = XCBuildConfiguration;
			buildSettings = {
				ALWAYS_SEARCH_USER_PATHS = NO;
				ASSETCATALOG_COMPILER_APPICON_NAME = AppIcon;
				CLANG_ANALYZER_NONNULL = YES;
				CLANG_ANALYZER_NUMBER_OBJECT_CONVERSION = YES_AGGRESSIVE;
				CLANG_CXX_LANGUAGE_STANDARD = "gnu++0x";
				CLANG_CXX_LIBRARY = "libc++";
				CLANG_ENABLE_MODULES = YES;
				CLANG_ENABLE_OBJC_ARC = YES;
				CLANG_WARN_BOOL_CONVERSION = YES;
				CLANG_WARN_CONSTANT_CONVERSION = YES;
				CLANG_WARN_DIRECT_OBJC_ISA_USAGE = YES_ERROR;
				CLANG_WARN_DOCUMENTATION_COMMENTS = YES;
				CLANG_WARN_EMPTY_BODY = YES;
				CLANG_WARN_ENUM_CONVERSION = YES;
				CLANG_WARN_INFINITE_RECURSION = YES;
				CLANG_WARN_INT_CONVERSION = YES;
				CLANG_WARN_OBJC_ROOT_CLASS = YES_ERROR;
				CLANG_WARN_SUSPICIOUS_MOVE = YES;
				CLANG_WARN_UNREACHABLE_CODE = YES;
				CLANG_WARN__DUPLICATE_METHOD_MATCH = YES;
				"CODE_SIGN_IDENTITY[sdk=iphoneos*]" = "iPhone Developer";
				COPY_PHASE_STRIP = NO;
				DEBUG_INFORMATION_FORMAT = "dwarf-with-dsym";
				DEVELOPMENT_TEAM = UZAEKA4CYL;
				ENABLE_NS_ASSERTIONS = NO;
				ENABLE_STRICT_OBJC_MSGSEND = YES;
				GCC_C_LANGUAGE_STANDARD = gnu99;
				GCC_NO_COMMON_BLOCKS = YES;
				GCC_WARN_64_TO_32_BIT_CONVERSION = YES;
				GCC_WARN_ABOUT_RETURN_TYPE = YES_ERROR;
				GCC_WARN_UNDECLARED_SELECTOR = YES;
				GCC_WARN_UNINITIALIZED_AUTOS = YES_AGGRESSIVE;
				GCC_WARN_UNUSED_FUNCTION = YES;
				GCC_WARN_UNUSED_VARIABLE = YES;
				INFOPLIST_FILE = MVP/Info.plist;
				IPHONEOS_DEPLOYMENT_TARGET = 10.3;
				LD_RUNPATH_SEARCH_PATHS = "$(inherited) @executable_path/Frameworks";
				MTL_ENABLE_DEBUG_INFO = NO;
				PRODUCT_BUNDLE_IDENTIFIER = FabijanBajo.MVP;
				PRODUCT_NAME = "$(TARGET_NAME)";
				SDKROOT = iphoneos;
				SWIFT_OPTIMIZATION_LEVEL = "-Owholemodule";
				SWIFT_VERSION = 3.0;
				VALIDATE_PRODUCT = YES;
			};
			name = Release;
		};
/* End XCBuildConfiguration section */

/* Begin XCConfigurationList section */
		227C56F21ED73B48007E98A5 /* Build configuration list for PBXNativeTarget "MVVM" */ = {
			isa = XCConfigurationList;
			buildConfigurations = (
				227C56F01ED73B48007E98A5 /* Debug */,
				227C56F11ED73B48007E98A5 /* Release */,
			);
			defaultConfigurationIsVisible = 0;
			defaultConfigurationName = Release;
		};
		229206231ECC6E040090E78C /* Build configuration list for PBXProject "Architectures" */ = {
			isa = XCConfigurationList;
			buildConfigurations = (
				229206241ECC6E040090E78C /* Debug */,
				229206251ECC6E040090E78C /* Release */,
			);
			defaultConfigurationIsVisible = 0;
			defaultConfigurationName = Release;
		};
		2292063A1ECC6E210090E78C /* Build configuration list for PBXNativeTarget "MVC" */ = {
			isa = XCConfigurationList;
			buildConfigurations = (
				2292063B1ECC6E210090E78C /* Debug */,
				2292063C1ECC6E210090E78C /* Release */,
			);
			defaultConfigurationIsVisible = 0;
			defaultConfigurationName = Release;
		};
		22B910501ED099D900760927 /* Build configuration list for PBXNativeTarget "MVCTests" */ = {
			isa = XCConfigurationList;
			buildConfigurations = (
				22B9104E1ED099D800760927 /* Debug */,
				22B9104F1ED099D800760927 /* Release */,
			);
			defaultConfigurationIsVisible = 0;
			defaultConfigurationName = Release;
		};
		22BA1EA61EDB580B000E93CF /* Build configuration list for PBXNativeTarget "MVP" */ = {
			isa = XCConfigurationList;
			buildConfigurations = (
				22BA1EA41EDB580B000E93CF /* Debug */,
				22BA1EA51EDB580B000E93CF /* Release */,
			);
			defaultConfigurationIsVisible = 0;
			defaultConfigurationName = Release;
		};
/* End XCConfigurationList section */
	};
	rootObject = 229206201ECC6E040090E78C /* Project object */;
}
