// !$*UTF8*$!
{
	archiveVersion = 1;
	classes = {
	};
	objectVersion = 46;
	objects = {

/* Begin PBXBuildFile section */
		223FB4DC1ECF0A380073C66E /* AppDelegate.swift in Sources */ = {isa = PBXBuildFile; fileRef = 223FB4DB1ECF0A380073C66E /* AppDelegate.swift */; };
		223FB4E31ECF0A380073C66E /* Assets.xcassets in Resources */ = {isa = PBXBuildFile; fileRef = 223FB4E21ECF0A380073C66E /* Assets.xcassets */; };
		223FB4E61ECF0A380073C66E /* LaunchScreen.storyboard in Resources */ = {isa = PBXBuildFile; fileRef = 223FB4E41ECF0A380073C66E /* LaunchScreen.storyboard */; };
		223FB4EC1ECF0BD40073C66E /* TabBarViewController.swift in Sources */ = {isa = PBXBuildFile; fileRef = 223FB4EB1ECF0BD40073C66E /* TabBarViewController.swift */; };
		223FB4ED1ECF0BE80073C66E /* MovieCollectionViewCell.xib in Resources */ = {isa = PBXBuildFile; fileRef = 2279AB3A1ECEF91B001B074B /* MovieCollectionViewCell.xib */; };
		223FB4F41ECF106E0073C66E /* Main.storyboard in Resources */ = {isa = PBXBuildFile; fileRef = 223FB4F31ECF106E0073C66E /* Main.storyboard */; };
		223FB4F61ECF15520073C66E /* tmdbAPIKey.plist in Resources */ = {isa = PBXBuildFile; fileRef = 22EE56FD1ECC7D5C00790E71 /* tmdbAPIKey.plist */; };
		223FB4F71ECF15550073C66E /* moviedata.json in Resources */ = {isa = PBXBuildFile; fileRef = 22EE56FF1ECC7E3800790E71 /* moviedata.json */; };
		223FB4FC1ECF15B00073C66E /* Movie.swift in Sources */ = {isa = PBXBuildFile; fileRef = 223FB4FB1ECF15B00073C66E /* Movie.swift */; };
		223FB4FE1ECF16190073C66E /* MovieViewModel.swift in Sources */ = {isa = PBXBuildFile; fileRef = 223FB4FD1ECF16190073C66E /* MovieViewModel.swift */; };
		223FB5011ECF16FE0073C66E /* ResultsViewController.swift in Sources */ = {isa = PBXBuildFile; fileRef = 223FB4FF1ECF16FE0073C66E /* ResultsViewController.swift */; };
		223FB5021ECF16FE0073C66E /* ResultsViewController.xib in Resources */ = {isa = PBXBuildFile; fileRef = 223FB5001ECF16FE0073C66E /* ResultsViewController.xib */; };
		223FB5061ECF173D0073C66E /* MovieCollectionViewCell.swift in Sources */ = {isa = PBXBuildFile; fileRef = 223FB5051ECF173D0073C66E /* MovieCollectionViewCell.swift */; };
		223FB5091ECF1BBD0073C66E /* CellRepresentable.swift in Sources */ = {isa = PBXBuildFile; fileRef = 223FB5081ECF1BBD0073C66E /* CellRepresentable.swift */; };
		223FB50D1ECF238E0073C66E /* DataManager.swift in Sources */ = {isa = PBXBuildFile; fileRef = 223FB50C1ECF238E0073C66E /* DataManager.swift */; };
		223FB50F1ECF24E80073C66E /* TmdbAPI.swift in Sources */ = {isa = PBXBuildFile; fileRef = 223FB50E1ECF24E80073C66E /* TmdbAPI.swift */; };
		223FB5111ECF28450073C66E /* ImageManager.swift in Sources */ = {isa = PBXBuildFile; fileRef = 223FB5101ECF28450073C66E /* ImageManager.swift */; };
		223FB5131ECF28B60073C66E /* ImageStore.swift in Sources */ = {isa = PBXBuildFile; fileRef = 223FB5121ECF28B60073C66E /* ImageStore.swift */; };
		2279AB3E1ECEFCF9001B074B /* MovieResultsViewController.swift in Sources */ = {isa = PBXBuildFile; fileRef = 2279AB3C1ECEFCF9001B074B /* MovieResultsViewController.swift */; };
		2279AB441ECEFF86001B074B /* MovieDetailViewController.swift in Sources */ = {isa = PBXBuildFile; fileRef = 2279AB421ECEFF86001B074B /* MovieDetailViewController.swift */; };
		2292062E1ECC6E210090E78C /* AppDelegate.swift in Sources */ = {isa = PBXBuildFile; fileRef = 2292062D1ECC6E210090E78C /* AppDelegate.swift */; };
		229206351ECC6E210090E78C /* Assets.xcassets in Resources */ = {isa = PBXBuildFile; fileRef = 229206341ECC6E210090E78C /* Assets.xcassets */; };
		229206381ECC6E210090E78C /* LaunchScreen.storyboard in Resources */ = {isa = PBXBuildFile; fileRef = 229206361ECC6E210090E78C /* LaunchScreen.storyboard */; };
		22EE56F21ECC70CA00790E71 /* MovieCollectionViewCell.swift in Sources */ = {isa = PBXBuildFile; fileRef = 22EE56F11ECC70CA00790E71 /* MovieCollectionViewCell.swift */; };
		22EE56F41ECC74BA00790E71 /* Movie.swift in Sources */ = {isa = PBXBuildFile; fileRef = 22EE56F31ECC74BA00790E71 /* Movie.swift */; };
		22EE56F61ECC753E00790E71 /* MovieManager.swift in Sources */ = {isa = PBXBuildFile; fileRef = 22EE56F51ECC753E00790E71 /* MovieManager.swift */; };
		22EE56F81ECC755E00790E71 /* TmdbAPI.swift in Sources */ = {isa = PBXBuildFile; fileRef = 22EE56F71ECC755E00790E71 /* TmdbAPI.swift */; };
		22EE56FC1ECC795200790E71 /* MovieResultsDataSource.swift in Sources */ = {isa = PBXBuildFile; fileRef = 22EE56FB1ECC795200790E71 /* MovieResultsDataSource.swift */; };
		22EE56FE1ECC7D5C00790E71 /* tmdbAPIKey.plist in Resources */ = {isa = PBXBuildFile; fileRef = 22EE56FD1ECC7D5C00790E71 /* tmdbAPIKey.plist */; };
		22EE57001ECC7E3800790E71 /* moviedata.json in Resources */ = {isa = PBXBuildFile; fileRef = 22EE56FF1ECC7E3800790E71 /* moviedata.json */; };
		22EE57031ECC817A00790E71 /* ImageStore.swift in Sources */ = {isa = PBXBuildFile; fileRef = 22EE57011ECC7F8500790E71 /* ImageStore.swift */; };
/* End PBXBuildFile section */

/* Begin PBXFileReference section */
		223FB4D91ECF0A380073C66E /* MVVM.app */ = {isa = PBXFileReference; explicitFileType = wrapper.application; includeInIndex = 0; path = MVVM.app; sourceTree = BUILT_PRODUCTS_DIR; };
		223FB4DB1ECF0A380073C66E /* AppDelegate.swift */ = {isa = PBXFileReference; lastKnownFileType = sourcecode.swift; path = AppDelegate.swift; sourceTree = "<group>"; };
		223FB4E21ECF0A380073C66E /* Assets.xcassets */ = {isa = PBXFileReference; lastKnownFileType = folder.assetcatalog; path = Assets.xcassets; sourceTree = "<group>"; };
		223FB4E51ECF0A380073C66E /* Base */ = {isa = PBXFileReference; lastKnownFileType = file.storyboard; name = Base; path = Base.lproj/LaunchScreen.storyboard; sourceTree = "<group>"; };
		223FB4E71ECF0A380073C66E /* Info.plist */ = {isa = PBXFileReference; lastKnownFileType = text.plist.xml; path = Info.plist; sourceTree = "<group>"; };
		223FB4EB1ECF0BD40073C66E /* TabBarViewController.swift */ = {isa = PBXFileReference; fileEncoding = 4; lastKnownFileType = sourcecode.swift; path = TabBarViewController.swift; sourceTree = "<group>"; };
		223FB4F31ECF106E0073C66E /* Main.storyboard */ = {isa = PBXFileReference; fileEncoding = 4; lastKnownFileType = file.storyboard; path = Main.storyboard; sourceTree = "<group>"; };
		223FB4FB1ECF15B00073C66E /* Movie.swift */ = {isa = PBXFileReference; fileEncoding = 4; lastKnownFileType = sourcecode.swift; path = Movie.swift; sourceTree = "<group>"; };
		223FB4FD1ECF16190073C66E /* MovieViewModel.swift */ = {isa = PBXFileReference; fileEncoding = 4; lastKnownFileType = sourcecode.swift; path = MovieViewModel.swift; sourceTree = "<group>"; };
		223FB4FF1ECF16FE0073C66E /* ResultsViewController.swift */ = {isa = PBXFileReference; fileEncoding = 4; lastKnownFileType = sourcecode.swift; path = ResultsViewController.swift; sourceTree = "<group>"; };
		223FB5001ECF16FE0073C66E /* ResultsViewController.xib */ = {isa = PBXFileReference; fileEncoding = 4; lastKnownFileType = file.xib; path = ResultsViewController.xib; sourceTree = "<group>"; };
		223FB5051ECF173D0073C66E /* MovieCollectionViewCell.swift */ = {isa = PBXFileReference; fileEncoding = 4; lastKnownFileType = sourcecode.swift; path = MovieCollectionViewCell.swift; sourceTree = "<group>"; };
		223FB5081ECF1BBD0073C66E /* CellRepresentable.swift */ = {isa = PBXFileReference; fileEncoding = 4; lastKnownFileType = sourcecode.swift; path = CellRepresentable.swift; sourceTree = "<group>"; };
		223FB50C1ECF238E0073C66E /* DataManager.swift */ = {isa = PBXFileReference; fileEncoding = 4; lastKnownFileType = sourcecode.swift; path = DataManager.swift; sourceTree = "<group>"; };
		223FB50E1ECF24E80073C66E /* TmdbAPI.swift */ = {isa = PBXFileReference; fileEncoding = 4; lastKnownFileType = sourcecode.swift; path = TmdbAPI.swift; sourceTree = "<group>"; };
		223FB5101ECF28450073C66E /* ImageManager.swift */ = {isa = PBXFileReference; fileEncoding = 4; lastKnownFileType = sourcecode.swift; path = ImageManager.swift; sourceTree = "<group>"; };
		223FB5121ECF28B60073C66E /* ImageStore.swift */ = {isa = PBXFileReference; fileEncoding = 4; lastKnownFileType = sourcecode.swift; path = ImageStore.swift; sourceTree = "<group>"; };
		2279AB3A1ECEF91B001B074B /* MovieCollectionViewCell.xib */ = {isa = PBXFileReference; fileEncoding = 4; lastKnownFileType = file.xib; name = MovieCollectionViewCell.xib; path = ../MovieCollectionViewCell.xib; sourceTree = "<group>"; };
		2279AB3C1ECEFCF9001B074B /* MovieResultsViewController.swift */ = {isa = PBXFileReference; fileEncoding = 4; lastKnownFileType = sourcecode.swift; name = MovieResultsViewController.swift; path = Controller/MovieResultsViewController.swift; sourceTree = "<group>"; };
		2279AB421ECEFF86001B074B /* MovieDetailViewController.swift */ = {isa = PBXFileReference; fileEncoding = 4; lastKnownFileType = sourcecode.swift; name = MovieDetailViewController.swift; path = Controller/MovieDetailViewController.swift; sourceTree = "<group>"; };
		2292062A1ECC6E210090E78C /* MVC.app */ = {isa = PBXFileReference; explicitFileType = wrapper.application; includeInIndex = 0; path = MVC.app; sourceTree = BUILT_PRODUCTS_DIR; };
		2292062D1ECC6E210090E78C /* AppDelegate.swift */ = {isa = PBXFileReference; lastKnownFileType = sourcecode.swift; path = AppDelegate.swift; sourceTree = "<group>"; };
		229206341ECC6E210090E78C /* Assets.xcassets */ = {isa = PBXFileReference; lastKnownFileType = folder.assetcatalog; path = Assets.xcassets; sourceTree = "<group>"; };
		229206371ECC6E210090E78C /* Base */ = {isa = PBXFileReference; lastKnownFileType = file.storyboard; name = Base; path = Base.lproj/LaunchScreen.storyboard; sourceTree = "<group>"; };
		229206391ECC6E210090E78C /* Info.plist */ = {isa = PBXFileReference; lastKnownFileType = text.plist.xml; path = Info.plist; sourceTree = "<group>"; };
		22EE56F11ECC70CA00790E71 /* MovieCollectionViewCell.swift */ = {isa = PBXFileReference; fileEncoding = 4; lastKnownFileType = sourcecode.swift; name = MovieCollectionViewCell.swift; path = View/MovieCollectionViewCell.swift; sourceTree = "<group>"; };
		22EE56F31ECC74BA00790E71 /* Movie.swift */ = {isa = PBXFileReference; fileEncoding = 4; lastKnownFileType = sourcecode.swift; name = Movie.swift; path = Model/Movie.swift; sourceTree = "<group>"; };
		22EE56F51ECC753E00790E71 /* MovieManager.swift */ = {isa = PBXFileReference; fileEncoding = 4; lastKnownFileType = sourcecode.swift; name = MovieManager.swift; path = Model/MovieManager.swift; sourceTree = "<group>"; };
		22EE56F71ECC755E00790E71 /* TmdbAPI.swift */ = {isa = PBXFileReference; fileEncoding = 4; lastKnownFileType = sourcecode.swift; name = TmdbAPI.swift; path = Model/TmdbAPI.swift; sourceTree = "<group>"; };
		22EE56FB1ECC795200790E71 /* MovieResultsDataSource.swift */ = {isa = PBXFileReference; fileEncoding = 4; lastKnownFileType = sourcecode.swift; name = MovieResultsDataSource.swift; path = Controller/MovieResultsDataSource.swift; sourceTree = "<group>"; };
		22EE56FD1ECC7D5C00790E71 /* tmdbAPIKey.plist */ = {isa = PBXFileReference; fileEncoding = 4; lastKnownFileType = text.plist.xml; path = tmdbAPIKey.plist; sourceTree = "<group>"; };
		22EE56FF1ECC7E3800790E71 /* moviedata.json */ = {isa = PBXFileReference; fileEncoding = 4; lastKnownFileType = text.json; path = moviedata.json; sourceTree = "<group>"; };
		22EE57011ECC7F8500790E71 /* ImageStore.swift */ = {isa = PBXFileReference; fileEncoding = 4; lastKnownFileType = sourcecode.swift; name = ImageStore.swift; path = Model/ImageStore.swift; sourceTree = "<group>"; };
/* End PBXFileReference section */

/* Begin PBXFrameworksBuildPhase section */
		223FB4D61ECF0A380073C66E /* Frameworks */ = {
			isa = PBXFrameworksBuildPhase;
			buildActionMask = 2147483647;
			files = (
			);
			runOnlyForDeploymentPostprocessing = 0;
		};
		229206271ECC6E210090E78C /* Frameworks */ = {
			isa = PBXFrameworksBuildPhase;
			buildActionMask = 2147483647;
			files = (
			);
			runOnlyForDeploymentPostprocessing = 0;
		};
/* End PBXFrameworksBuildPhase section */

/* Begin PBXGroup section */
		223FB4DA1ECF0A380073C66E /* MVVM */ = {
			isa = PBXGroup;
			children = (
				223FB4DB1ECF0A380073C66E /* AppDelegate.swift */,
				223FB5161ECF299F0073C66E /* Utilities */,
				223FB5151ECF29440073C66E /* Managers */,
				223FB4FA1ECF158B0073C66E /* Model */,
				223FB5071ECF1B860073C66E /* Protocols */,
				223FB4F91ECF15810073C66E /* ViewModel */,
				223FB4F81ECF15780073C66E /* View */,
				223FB4E21ECF0A380073C66E /* Assets.xcassets */,
				223FB4E41ECF0A380073C66E /* LaunchScreen.storyboard */,
				223FB4E71ECF0A380073C66E /* Info.plist */,
			);
			path = MVVM;
			sourceTree = "<group>";
		};
		223FB4EF1ECF0C110073C66E /* MovieResultsVC */ = {
			isa = PBXGroup;
			children = (
				2279AB3C1ECEFCF9001B074B /* MovieResultsViewController.swift */,
				22EE56FB1ECC795200790E71 /* MovieResultsDataSource.swift */,
			);
			name = MovieResultsVC;
			sourceTree = "<group>";
		};
		223FB4F01ECF0C390073C66E /* MovieDetailVC */ = {
			isa = PBXGroup;
			children = (
				2279AB421ECEFF86001B074B /* MovieDetailViewController.swift */,
			);
			name = MovieDetailVC;
			sourceTree = "<group>";
		};
		223FB4F81ECF15780073C66E /* View */ = {
			isa = PBXGroup;
			children = (
				223FB4EB1ECF0BD40073C66E /* TabBarViewController.swift */,
				223FB5031ECF17100073C66E /* ResultsVC */,
				223FB5041ECF17200073C66E /* Cell */,
			);
			name = View;
			sourceTree = "<group>";
		};
		223FB4F91ECF15810073C66E /* ViewModel */ = {
			isa = PBXGroup;
			children = (
				223FB4FD1ECF16190073C66E /* MovieViewModel.swift */,
			);
			name = ViewModel;
			sourceTree = "<group>";
		};
		223FB4FA1ECF158B0073C66E /* Model */ = {
			isa = PBXGroup;
			children = (
				223FB4FB1ECF15B00073C66E /* Movie.swift */,
			);
			name = Model;
			sourceTree = "<group>";
		};
		223FB5031ECF17100073C66E /* ResultsVC */ = {
			isa = PBXGroup;
			children = (
				223FB4FF1ECF16FE0073C66E /* ResultsViewController.swift */,
				223FB5001ECF16FE0073C66E /* ResultsViewController.xib */,
			);
			name = ResultsVC;
			sourceTree = "<group>";
		};
		223FB5041ECF17200073C66E /* Cell */ = {
			isa = PBXGroup;
			children = (
				223FB5051ECF173D0073C66E /* MovieCollectionViewCell.swift */,
				2279AB3A1ECEF91B001B074B /* MovieCollectionViewCell.xib */,
			);
			name = Cell;
			sourceTree = "<group>";
		};
		223FB5071ECF1B860073C66E /* Protocols */ = {
			isa = PBXGroup;
			children = (
				223FB5081ECF1BBD0073C66E /* CellRepresentable.swift */,
			);
			name = Protocols;
			sourceTree = "<group>";
		};
		223FB5141ECF29190073C66E /* ImageManager */ = {
			isa = PBXGroup;
			children = (
				223FB5101ECF28450073C66E /* ImageManager.swift */,
				223FB5121ECF28B60073C66E /* ImageStore.swift */,
			);
			name = ImageManager;
			sourceTree = "<group>";
		};
		223FB5151ECF29440073C66E /* Managers */ = {
			isa = PBXGroup;
			children = (
				223FB50C1ECF238E0073C66E /* DataManager.swift */,
				223FB5141ECF29190073C66E /* ImageManager */,
			);
			name = Managers;
			sourceTree = "<group>";
		};
		223FB5161ECF299F0073C66E /* Utilities */ = {
			isa = PBXGroup;
			children = (
				223FB50E1ECF24E80073C66E /* TmdbAPI.swift */,
			);
			name = Utilities;
			sourceTree = "<group>";
		};
		2279AB471ECF07CE001B074B /* Shared */ = {
			isa = PBXGroup;
			children = (
				22EE56FD1ECC7D5C00790E71 /* tmdbAPIKey.plist */,
				22EE56FF1ECC7E3800790E71 /* moviedata.json */,
			);
			name = Shared;
			sourceTree = "<group>";
		};
		2292061F1ECC6E040090E78C = {
			isa = PBXGroup;
			children = (
				2279AB471ECF07CE001B074B /* Shared */,
				2292062C1ECC6E210090E78C /* MVC */,
				223FB4DA1ECF0A380073C66E /* MVVM */,
				2292062B1ECC6E210090E78C /* Products */,
			);
			sourceTree = "<group>";
		};
		2292062B1ECC6E210090E78C /* Products */ = {
			isa = PBXGroup;
			children = (
				2292062A1ECC6E210090E78C /* MVC.app */,
				223FB4D91ECF0A380073C66E /* MVVM.app */,
			);
			name = Products;
			sourceTree = "<group>";
		};
		2292062C1ECC6E210090E78C /* MVC */ = {
			isa = PBXGroup;
			children = (
				2292062D1ECC6E210090E78C /* AppDelegate.swift */,
				22EE56EB1ECC6F0000790E71 /* Model */,
				22EE56EC1ECC6F0800790E71 /* View */,
				22EE56ED1ECC6F0D00790E71 /* Controller */,
				22EE56EE1ECC6F3A00790E71 /* Assets */,
			);
			path = MVC;
			sourceTree = "<group>";
		};
		22EE56EB1ECC6F0000790E71 /* Model */ = {
			isa = PBXGroup;
			children = (
				22EE56F31ECC74BA00790E71 /* Movie.swift */,
				22EE56F51ECC753E00790E71 /* MovieManager.swift */,
				22EE57011ECC7F8500790E71 /* ImageStore.swift */,
				22EE56F71ECC755E00790E71 /* TmdbAPI.swift */,
			);
			name = Model;
			sourceTree = "<group>";
		};
		22EE56EC1ECC6F0800790E71 /* View */ = {
			isa = PBXGroup;
			children = (
				22EE56F11ECC70CA00790E71 /* MovieCollectionViewCell.swift */,
			);
			name = View;
			sourceTree = "<group>";
		};
		22EE56ED1ECC6F0D00790E71 /* Controller */ = {
			isa = PBXGroup;
			children = (
				223FB4EF1ECF0C110073C66E /* MovieResultsVC */,
				223FB4F01ECF0C390073C66E /* MovieDetailVC */,
			);
			name = Controller;
			sourceTree = "<group>";
		};
		22EE56EE1ECC6F3A00790E71 /* Assets */ = {
			isa = PBXGroup;
			children = (
				229206341ECC6E210090E78C /* Assets.xcassets */,
				229206361ECC6E210090E78C /* LaunchScreen.storyboard */,
				223FB4F31ECF106E0073C66E /* Main.storyboard */,
				229206391ECC6E210090E78C /* Info.plist */,
			);
			name = Assets;
			sourceTree = "<group>";
		};
/* End PBXGroup section */

/* Begin PBXNativeTarget section */
		223FB4D81ECF0A380073C66E /* MVVM */ = {
			isa = PBXNativeTarget;
			buildConfigurationList = 223FB4EA1ECF0A380073C66E /* Build configuration list for PBXNativeTarget "MVVM" */;
			buildPhases = (
				223FB4D51ECF0A380073C66E /* Sources */,
				223FB4D61ECF0A380073C66E /* Frameworks */,
				223FB4D71ECF0A380073C66E /* Resources */,
			);
			buildRules = (
			);
			dependencies = (
			);
			name = MVVM;
			productName = MVVM;
			productReference = 223FB4D91ECF0A380073C66E /* MVVM.app */;
			productType = "com.apple.product-type.application";
		};
		229206291ECC6E210090E78C /* MVC */ = {
			isa = PBXNativeTarget;
			buildConfigurationList = 2292063A1ECC6E210090E78C /* Build configuration list for PBXNativeTarget "MVC" */;
			buildPhases = (
				229206261ECC6E210090E78C /* Sources */,
				229206271ECC6E210090E78C /* Frameworks */,
				229206281ECC6E210090E78C /* Resources */,
			);
			buildRules = (
			);
			dependencies = (
			);
			name = MVC;
			productName = MVC;
			productReference = 2292062A1ECC6E210090E78C /* MVC.app */;
			productType = "com.apple.product-type.application";
		};
/* End PBXNativeTarget section */

/* Begin PBXProject section */
		229206201ECC6E040090E78C /* Project object */ = {
			isa = PBXProject;
			attributes = {
				LastSwiftUpdateCheck = 0830;
				LastUpgradeCheck = 0830;
				TargetAttributes = {
					223FB4D81ECF0A380073C66E = {
						CreatedOnToolsVersion = 8.3.2;
						DevelopmentTeam = UZAEKA4CYL;
						ProvisioningStyle = Automatic;
					};
					229206291ECC6E210090E78C = {
						CreatedOnToolsVersion = 8.3.2;
						DevelopmentTeam = UZAEKA4CYL;
						ProvisioningStyle = Automatic;
					};
				};
			};
			buildConfigurationList = 229206231ECC6E040090E78C /* Build configuration list for PBXProject "Architectures" */;
			compatibilityVersion = "Xcode 3.2";
			developmentRegion = English;
			hasScannedForEncodings = 0;
			knownRegions = (
				en,
				Base,
			);
			mainGroup = 2292061F1ECC6E040090E78C;
			productRefGroup = 2292062B1ECC6E210090E78C /* Products */;
			projectDirPath = "";
			projectRoot = "";
			targets = (
				229206291ECC6E210090E78C /* MVC */,
				223FB4D81ECF0A380073C66E /* MVVM */,
			);
		};
/* End PBXProject section */

/* Begin PBXResourcesBuildPhase section */
		223FB4D71ECF0A380073C66E /* Resources */ = {
			isa = PBXResourcesBuildPhase;
			buildActionMask = 2147483647;
			files = (
				223FB4F61ECF15520073C66E /* tmdbAPIKey.plist in Resources */,
				223FB4E61ECF0A380073C66E /* LaunchScreen.storyboard in Resources */,
				223FB4F71ECF15550073C66E /* moviedata.json in Resources */,
				223FB5021ECF16FE0073C66E /* ResultsViewController.xib in Resources */,
				223FB4E31ECF0A380073C66E /* Assets.xcassets in Resources */,
				223FB4ED1ECF0BE80073C66E /* MovieCollectionViewCell.xib in Resources */,
			);
			runOnlyForDeploymentPostprocessing = 0;
		};
		229206281ECC6E210090E78C /* Resources */ = {
			isa = PBXResourcesBuildPhase;
			buildActionMask = 2147483647;
			files = (
				22EE56FE1ECC7D5C00790E71 /* tmdbAPIKey.plist in Resources */,
				229206381ECC6E210090E78C /* LaunchScreen.storyboard in Resources */,
				223FB4F41ECF106E0073C66E /* Main.storyboard in Resources */,
				22EE57001ECC7E3800790E71 /* moviedata.json in Resources */,
				229206351ECC6E210090E78C /* Assets.xcassets in Resources */,
			);
			runOnlyForDeploymentPostprocessing = 0;
		};
/* End PBXResourcesBuildPhase section */

/* Begin PBXSourcesBuildPhase section */
		223FB4D51ECF0A380073C66E /* Sources */ = {
			isa = PBXSourcesBuildPhase;
			buildActionMask = 2147483647;
			files = (
				223FB5131ECF28B60073C66E /* ImageStore.swift in Sources */,
				223FB4EC1ECF0BD40073C66E /* TabBarViewController.swift in Sources */,
				223FB5111ECF28450073C66E /* ImageManager.swift in Sources */,
				223FB50F1ECF24E80073C66E /* TmdbAPI.swift in Sources */,
				223FB50D1ECF238E0073C66E /* DataManager.swift in Sources */,
				223FB4DC1ECF0A380073C66E /* AppDelegate.swift in Sources */,
				223FB4FC1ECF15B00073C66E /* Movie.swift in Sources */,
				223FB5061ECF173D0073C66E /* MovieCollectionViewCell.swift in Sources */,
				223FB5011ECF16FE0073C66E /* ResultsViewController.swift in Sources */,
				223FB5091ECF1BBD0073C66E /* CellRepresentable.swift in Sources */,
				223FB4FE1ECF16190073C66E /* MovieViewModel.swift in Sources */,
			);
			runOnlyForDeploymentPostprocessing = 0;
		};
		229206261ECC6E210090E78C /* Sources */ = {
			isa = PBXSourcesBuildPhase;
			buildActionMask = 2147483647;
			files = (
				2279AB3E1ECEFCF9001B074B /* MovieResultsViewController.swift in Sources */,
				22EE56F21ECC70CA00790E71 /* MovieCollectionViewCell.swift in Sources */,
				22EE56F81ECC755E00790E71 /* TmdbAPI.swift in Sources */,
				22EE56FC1ECC795200790E71 /* MovieResultsDataSource.swift in Sources */,
				22EE57031ECC817A00790E71 /* ImageStore.swift in Sources */,
				22EE56F61ECC753E00790E71 /* MovieManager.swift in Sources */,
				22EE56F41ECC74BA00790E71 /* Movie.swift in Sources */,
				2279AB441ECEFF86001B074B /* MovieDetailViewController.swift in Sources */,
				2292062E1ECC6E210090E78C /* AppDelegate.swift in Sources */,
			);
			runOnlyForDeploymentPostprocessing = 0;
		};
/* End PBXSourcesBuildPhase section */

/* Begin PBXVariantGroup section */
		223FB4E41ECF0A380073C66E /* LaunchScreen.storyboard */ = {
			isa = PBXVariantGroup;
			children = (
				223FB4E51ECF0A380073C66E /* Base */,
			);
			name = LaunchScreen.storyboard;
			sourceTree = "<group>";
		};
		229206361ECC6E210090E78C /* LaunchScreen.storyboard */ = {
			isa = PBXVariantGroup;
			children = (
				229206371ECC6E210090E78C /* Base */,
			);
			name = LaunchScreen.storyboard;
			sourceTree = "<group>";
		};
/* End PBXVariantGroup section */

/* Begin XCBuildConfiguration section */
		223FB4E81ECF0A380073C66E /* Debug */ = {
			isa = XCBuildConfiguration;
			buildSettings = {
				ALWAYS_SEARCH_USER_PATHS = NO;
				ASSETCATALOG_COMPILER_APPICON_NAME = AppIcon;
				CLANG_ANALYZER_NONNULL = YES;
				CLANG_ANALYZER_NUMBER_OBJECT_CONVERSION = YES_AGGRESSIVE;
				CLANG_CXX_LANGUAGE_STANDARD = "gnu++0x";
				CLANG_CXX_LIBRARY = "libc++";
				CLANG_ENABLE_MODULES = YES;
				CLANG_ENABLE_OBJC_ARC = YES;
				CLANG_WARN_BOOL_CONVERSION = YES;
				CLANG_WARN_CONSTANT_CONVERSION = YES;
				CLANG_WARN_DIRECT_OBJC_ISA_USAGE = YES_ERROR;
				CLANG_WARN_DOCUMENTATION_COMMENTS = YES;
				CLANG_WARN_EMPTY_BODY = YES;
				CLANG_WARN_ENUM_CONVERSION = YES;
				CLANG_WARN_INFINITE_RECURSION = YES;
				CLANG_WARN_INT_CONVERSION = YES;
				CLANG_WARN_OBJC_ROOT_CLASS = YES_ERROR;
				CLANG_WARN_SUSPICIOUS_MOVE = YES;
				CLANG_WARN_UNREACHABLE_CODE = YES;
				CLANG_WARN__DUPLICATE_METHOD_MATCH = YES;
				"CODE_SIGN_IDENTITY[sdk=iphoneos*]" = "iPhone Developer";
				COPY_PHASE_STRIP = NO;
				DEBUG_INFORMATION_FORMAT = dwarf;
				DEVELOPMENT_TEAM = UZAEKA4CYL;
				ENABLE_STRICT_OBJC_MSGSEND = YES;
				ENABLE_TESTABILITY = YES;
				GCC_C_LANGUAGE_STANDARD = gnu99;
				GCC_DYNAMIC_NO_PIC = NO;
				GCC_NO_COMMON_BLOCKS = YES;
				GCC_OPTIMIZATION_LEVEL = 0;
				GCC_PREPROCESSOR_DEFINITIONS = (
					"DEBUG=1",
					"$(inherited)",
				);
				GCC_WARN_64_TO_32_BIT_CONVERSION = YES;
				GCC_WARN_ABOUT_RETURN_TYPE = YES_ERROR;
				GCC_WARN_UNDECLARED_SELECTOR = YES;
				GCC_WARN_UNINITIALIZED_AUTOS = YES_AGGRESSIVE;
				GCC_WARN_UNUSED_FUNCTION = YES;
				GCC_WARN_UNUSED_VARIABLE = YES;
				INFOPLIST_FILE = MVVM/Info.plist;
				IPHONEOS_DEPLOYMENT_TARGET = 10.3;
				LD_RUNPATH_SEARCH_PATHS = "$(inherited) @executable_path/Frameworks";
				MTL_ENABLE_DEBUG_INFO = YES;
				ONLY_ACTIVE_ARCH = YES;
				PRODUCT_BUNDLE_IDENTIFIER = FabijanBajo.MVVM;
				PRODUCT_NAME = "$(TARGET_NAME)";
				SDKROOT = iphoneos;
				SWIFT_ACTIVE_COMPILATION_CONDITIONS = DEBUG;
				SWIFT_OPTIMIZATION_LEVEL = "-Onone";
				SWIFT_VERSION = 3.0;
			};
			name = Debug;
		};
		223FB4E91ECF0A380073C66E /* Release */ = {
			isa = XCBuildConfiguration;
			buildSettings = {
				ALWAYS_SEARCH_USER_PATHS = NO;
				ASSETCATALOG_COMPILER_APPICON_NAME = AppIcon;
				CLANG_ANALYZER_NONNULL = YES;
				CLANG_ANALYZER_NUMBER_OBJECT_CONVERSION = YES_AGGRESSIVE;
				CLANG_CXX_LANGUAGE_STANDARD = "gnu++0x";
				CLANG_CXX_LIBRARY = "libc++";
				CLANG_ENABLE_MODULES = YES;
				CLANG_ENABLE_OBJC_ARC = YES;
				CLANG_WARN_BOOL_CONVERSION = YES;
				CLANG_WARN_CONSTANT_CONVERSION = YES;
				CLANG_WARN_DIRECT_OBJC_ISA_USAGE = YES_ERROR;
				CLANG_WARN_DOCUMENTATION_COMMENTS = YES;
				CLANG_WARN_EMPTY_BODY = YES;
				CLANG_WARN_ENUM_CONVERSION = YES;
				CLANG_WARN_INFINITE_RECURSION = YES;
				CLANG_WARN_INT_CONVERSION = YES;
				CLANG_WARN_OBJC_ROOT_CLASS = YES_ERROR;
				CLANG_WARN_SUSPICIOUS_MOVE = YES;
				CLANG_WARN_UNREACHABLE_CODE = YES;
				CLANG_WARN__DUPLICATE_METHOD_MATCH = YES;
				"CODE_SIGN_IDENTITY[sdk=iphoneos*]" = "iPhone Developer";
				COPY_PHASE_STRIP = NO;
				DEBUG_INFORMATION_FORMAT = "dwarf-with-dsym";
				DEVELOPMENT_TEAM = UZAEKA4CYL;
				ENABLE_NS_ASSERTIONS = NO;
				ENABLE_STRICT_OBJC_MSGSEND = YES;
				GCC_C_LANGUAGE_STANDARD = gnu99;
				GCC_NO_COMMON_BLOCKS = YES;
				GCC_WARN_64_TO_32_BIT_CONVERSION = YES;
				GCC_WARN_ABOUT_RETURN_TYPE = YES_ERROR;
				GCC_WARN_UNDECLARED_SELECTOR = YES;
				GCC_WARN_UNINITIALIZED_AUTOS = YES_AGGRESSIVE;
				GCC_WARN_UNUSED_FUNCTION = YES;
				GCC_WARN_UNUSED_VARIABLE = YES;
				INFOPLIST_FILE = MVVM/Info.plist;
				IPHONEOS_DEPLOYMENT_TARGET = 10.3;
				LD_RUNPATH_SEARCH_PATHS = "$(inherited) @executable_path/Frameworks";
				MTL_ENABLE_DEBUG_INFO = NO;
				PRODUCT_BUNDLE_IDENTIFIER = FabijanBajo.MVVM;
				PRODUCT_NAME = "$(TARGET_NAME)";
				SDKROOT = iphoneos;
				SWIFT_OPTIMIZATION_LEVEL = "-Owholemodule";
				SWIFT_VERSION = 3.0;
				VALIDATE_PRODUCT = YES;
			};
			name = Release;
		};
		229206241ECC6E040090E78C /* Debug */ = {
			isa = XCBuildConfiguration;
			buildSettings = {
			};
			name = Debug;
		};
		229206251ECC6E040090E78C /* Release */ = {
			isa = XCBuildConfiguration;
			buildSettings = {
			};
			name = Release;
		};
		2292063B1ECC6E210090E78C /* Debug */ = {
			isa = XCBuildConfiguration;
			buildSettings = {
				ALWAYS_SEARCH_USER_PATHS = NO;
				ASSETCATALOG_COMPILER_APPICON_NAME = AppIcon;
				CLANG_ANALYZER_NONNULL = YES;
				CLANG_ANALYZER_NUMBER_OBJECT_CONVERSION = YES_AGGRESSIVE;
				CLANG_CXX_LANGUAGE_STANDARD = "gnu++0x";
				CLANG_CXX_LIBRARY = "libc++";
				CLANG_ENABLE_MODULES = YES;
				CLANG_ENABLE_OBJC_ARC = YES;
				CLANG_WARN_BOOL_CONVERSION = YES;
				CLANG_WARN_CONSTANT_CONVERSION = YES;
				CLANG_WARN_DIRECT_OBJC_ISA_USAGE = YES_ERROR;
				CLANG_WARN_DOCUMENTATION_COMMENTS = YES;
				CLANG_WARN_EMPTY_BODY = YES;
				CLANG_WARN_ENUM_CONVERSION = YES;
				CLANG_WARN_INFINITE_RECURSION = YES;
				CLANG_WARN_INT_CONVERSION = YES;
				CLANG_WARN_OBJC_ROOT_CLASS = YES_ERROR;
				CLANG_WARN_SUSPICIOUS_MOVE = YES;
				CLANG_WARN_UNREACHABLE_CODE = YES;
				CLANG_WARN__DUPLICATE_METHOD_MATCH = YES;
				"CODE_SIGN_IDENTITY[sdk=iphoneos*]" = "iPhone Developer";
				COPY_PHASE_STRIP = NO;
				DEBUG_INFORMATION_FORMAT = dwarf;
				DEVELOPMENT_TEAM = UZAEKA4CYL;
				ENABLE_STRICT_OBJC_MSGSEND = YES;
				ENABLE_TESTABILITY = YES;
				GCC_C_LANGUAGE_STANDARD = gnu99;
				GCC_DYNAMIC_NO_PIC = NO;
				GCC_NO_COMMON_BLOCKS = YES;
				GCC_OPTIMIZATION_LEVEL = 0;
				GCC_PREPROCESSOR_DEFINITIONS = (
					"DEBUG=1",
					"$(inherited)",
				);
				GCC_WARN_64_TO_32_BIT_CONVERSION = YES;
				GCC_WARN_ABOUT_RETURN_TYPE = YES_ERROR;
				GCC_WARN_UNDECLARED_SELECTOR = YES;
				GCC_WARN_UNINITIALIZED_AUTOS = YES_AGGRESSIVE;
				GCC_WARN_UNUSED_FUNCTION = YES;
				GCC_WARN_UNUSED_VARIABLE = YES;
				INFOPLIST_FILE = MVC/Info.plist;
				IPHONEOS_DEPLOYMENT_TARGET = 10.3;
				LD_RUNPATH_SEARCH_PATHS = "$(inherited) @executable_path/Frameworks";
				MTL_ENABLE_DEBUG_INFO = YES;
				ONLY_ACTIVE_ARCH = YES;
				PRODUCT_BUNDLE_IDENTIFIER = FabijanBajo.MVC;
				PRODUCT_NAME = "$(TARGET_NAME)";
				SDKROOT = iphoneos;
				SWIFT_ACTIVE_COMPILATION_CONDITIONS = DEBUG;
				SWIFT_OPTIMIZATION_LEVEL = "-Onone";
				SWIFT_VERSION = 3.0;
			};
			name = Debug;
		};
		2292063C1ECC6E210090E78C /* Release */ = {
			isa = XCBuildConfiguration;
			buildSettings = {
				ALWAYS_SEARCH_USER_PATHS = NO;
				ASSETCATALOG_COMPILER_APPICON_NAME = AppIcon;
				CLANG_ANALYZER_NONNULL = YES;
				CLANG_ANALYZER_NUMBER_OBJECT_CONVERSION = YES_AGGRESSIVE;
				CLANG_CXX_LANGUAGE_STANDARD = "gnu++0x";
				CLANG_CXX_LIBRARY = "libc++";
				CLANG_ENABLE_MODULES = YES;
				CLANG_ENABLE_OBJC_ARC = YES;
				CLANG_WARN_BOOL_CONVERSION = YES;
				CLANG_WARN_CONSTANT_CONVERSION = YES;
				CLANG_WARN_DIRECT_OBJC_ISA_USAGE = YES_ERROR;
				CLANG_WARN_DOCUMENTATION_COMMENTS = YES;
				CLANG_WARN_EMPTY_BODY = YES;
				CLANG_WARN_ENUM_CONVERSION = YES;
				CLANG_WARN_INFINITE_RECURSION = YES;
				CLANG_WARN_INT_CONVERSION = YES;
				CLANG_WARN_OBJC_ROOT_CLASS = YES_ERROR;
				CLANG_WARN_SUSPICIOUS_MOVE = YES;
				CLANG_WARN_UNREACHABLE_CODE = YES;
				CLANG_WARN__DUPLICATE_METHOD_MATCH = YES;
				"CODE_SIGN_IDENTITY[sdk=iphoneos*]" = "iPhone Developer";
				COPY_PHASE_STRIP = NO;
				DEBUG_INFORMATION_FORMAT = "dwarf-with-dsym";
				DEVELOPMENT_TEAM = UZAEKA4CYL;
				ENABLE_NS_ASSERTIONS = NO;
				ENABLE_STRICT_OBJC_MSGSEND = YES;
				GCC_C_LANGUAGE_STANDARD = gnu99;
				GCC_NO_COMMON_BLOCKS = YES;
				GCC_WARN_64_TO_32_BIT_CONVERSION = YES;
				GCC_WARN_ABOUT_RETURN_TYPE = YES_ERROR;
				GCC_WARN_UNDECLARED_SELECTOR = YES;
				GCC_WARN_UNINITIALIZED_AUTOS = YES_AGGRESSIVE;
				GCC_WARN_UNUSED_FUNCTION = YES;
				GCC_WARN_UNUSED_VARIABLE = YES;
				INFOPLIST_FILE = MVC/Info.plist;
				IPHONEOS_DEPLOYMENT_TARGET = 10.3;
				LD_RUNPATH_SEARCH_PATHS = "$(inherited) @executable_path/Frameworks";
				MTL_ENABLE_DEBUG_INFO = NO;
				PRODUCT_BUNDLE_IDENTIFIER = FabijanBajo.MVC;
				PRODUCT_NAME = "$(TARGET_NAME)";
				SDKROOT = iphoneos;
				SWIFT_OPTIMIZATION_LEVEL = "-Owholemodule";
				SWIFT_VERSION = 3.0;
				VALIDATE_PRODUCT = YES;
			};
			name = Release;
		};
/* End XCBuildConfiguration section */

/* Begin XCConfigurationList section */
		223FB4EA1ECF0A380073C66E /* Build configuration list for PBXNativeTarget "MVVM" */ = {
			isa = XCConfigurationList;
			buildConfigurations = (
				223FB4E81ECF0A380073C66E /* Debug */,
				223FB4E91ECF0A380073C66E /* Release */,
			);
			defaultConfigurationIsVisible = 0;
		};
		229206231ECC6E040090E78C /* Build configuration list for PBXProject "Architectures" */ = {
			isa = XCConfigurationList;
			buildConfigurations = (
				229206241ECC6E040090E78C /* Debug */,
				229206251ECC6E040090E78C /* Release */,
			);
			defaultConfigurationIsVisible = 0;
			defaultConfigurationName = Release;
		};
		2292063A1ECC6E210090E78C /* Build configuration list for PBXNativeTarget "MVC" */ = {
			isa = XCConfigurationList;
			buildConfigurations = (
				2292063B1ECC6E210090E78C /* Debug */,
				2292063C1ECC6E210090E78C /* Release */,
			);
			defaultConfigurationIsVisible = 0;
			defaultConfigurationName = Release;
		};
/* End XCConfigurationList section */
	};
	rootObject = 229206201ECC6E040090E78C /* Project object */;
}
